// !$*UTF8*$!
{
	archiveVersion = 1;
	classes = {
	};
	objectVersion = 46;
	objects = {

/* Begin PBXBuildFile section */
		3A3727BD1A2FDA460043FCF5 /* AddMultiPost.m in Sources */ = {isa = PBXBuildFile; fileRef = 3A3727A81A2FDA460043FCF5 /* AddMultiPost.m */; };
		3A3727BE1A2FDA460043FCF5 /* AddPostController.m in Sources */ = {isa = PBXBuildFile; fileRef = 3A3727AA1A2FDA460043FCF5 /* AddPostController.m */; };
		3A3727BF1A2FDA460043FCF5 /* CommentPost.m in Sources */ = {isa = PBXBuildFile; fileRef = 3A3727AC1A2FDA460043FCF5 /* CommentPost.m */; };
		3A3727C01A2FDA460043FCF5 /* CustomCell.m in Sources */ = {isa = PBXBuildFile; fileRef = 3A3727AE1A2FDA460043FCF5 /* CustomCell.m */; };
		3A3727C11A2FDA460043FCF5 /* MultimediaPost.m in Sources */ = {isa = PBXBuildFile; fileRef = 3A3727B01A2FDA460043FCF5 /* MultimediaPost.m */; };
		3A3727C21A2FDA460043FCF5 /* PhotoViewPost.m in Sources */ = {isa = PBXBuildFile; fileRef = 3A3727B21A2FDA460043FCF5 /* PhotoViewPost.m */; };
		3A3727C31A2FDA460043FCF5 /* PostComment.m in Sources */ = {isa = PBXBuildFile; fileRef = 3A3727B41A2FDA460043FCF5 /* PostComment.m */; };
		3A3727C41A2FDA460043FCF5 /* PostViewController.m in Sources */ = {isa = PBXBuildFile; fileRef = 3A3727B61A2FDA460043FCF5 /* PostViewController.m */; };
		3A3727C51A2FDA460043FCF5 /* TimelineController.m in Sources */ = {isa = PBXBuildFile; fileRef = 3A3727B81A2FDA460043FCF5 /* TimelineController.m */; };
		3A3727C61A2FDA460043FCF5 /* UserImage.m in Sources */ = {isa = PBXBuildFile; fileRef = 3A3727BA1A2FDA460043FCF5 /* UserImage.m */; };
		3A3727C71A2FDA460043FCF5 /* Visibility.m in Sources */ = {isa = PBXBuildFile; fileRef = 3A3727BC1A2FDA460043FCF5 /* Visibility.m */; };
		3A3727CB1A2FE6950043FCF5 /* aboutMeController.m in Sources */ = {isa = PBXBuildFile; fileRef = 3A3727CA1A2FE6950043FCF5 /* aboutMeController.m */; };
		3A3727D41A2FE6D10043FCF5 /* MBProgressHUD.m in Sources */ = {isa = PBXBuildFile; fileRef = 3A3727CD1A2FE6D10043FCF5 /* MBProgressHUD.m */; };
		3A3727D51A2FE6D10043FCF5 /* MeController.m in Sources */ = {isa = PBXBuildFile; fileRef = 3A3727CF1A2FE6D10043FCF5 /* MeController.m */; };
		3A3727D61A2FE6D10043FCF5 /* NameInputController.m in Sources */ = {isa = PBXBuildFile; fileRef = 3A3727D11A2FE6D10043FCF5 /* NameInputController.m */; };
		3A3727D71A2FE6D10043FCF5 /* UserFileController.m in Sources */ = {isa = PBXBuildFile; fileRef = 3A3727D31A2FE6D10043FCF5 /* UserFileController.m */; };
		3A3727E11A2FEB950043FCF5 /* FriendRequests.m in Sources */ = {isa = PBXBuildFile; fileRef = 3A3727DA1A2FEB950043FCF5 /* FriendRequests.m */; };
		3A3727E21A2FEB950043FCF5 /* FriendsController.m in Sources */ = {isa = PBXBuildFile; fileRef = 3A3727DC1A2FEB950043FCF5 /* FriendsController.m */; };
		3A3727E31A2FEB950043FCF5 /* friendsInfo.m in Sources */ = {isa = PBXBuildFile; fileRef = 3A3727DE1A2FEB950043FCF5 /* friendsInfo.m */; };
		3A3727E41A2FEB950043FCF5 /* MyFriends.m in Sources */ = {isa = PBXBuildFile; fileRef = 3A3727E01A2FEB950043FCF5 /* MyFriends.m */; };
		3A3727E71A2FEBBB0043FCF5 /* TableCell.m in Sources */ = {isa = PBXBuildFile; fileRef = 3A3727E61A2FEBBB0043FCF5 /* TableCell.m */; };
		3A3727EA1A2FEC430043FCF5 /* addFriend.m in Sources */ = {isa = PBXBuildFile; fileRef = 3A3727E91A2FEC430043FCF5 /* addFriend.m */; };
		3AFA9CBF1A244BCD00978251 /* main.m in Sources */ = {isa = PBXBuildFile; fileRef = 3AFA9CBE1A244BCD00978251 /* main.m */; };
		3AFA9CC21A244BCD00978251 /* AppDelegate.m in Sources */ = {isa = PBXBuildFile; fileRef = 3AFA9CC11A244BCD00978251 /* AppDelegate.m */; };
		3AFA9CC51A244BCD00978251 /* ChatController.m in Sources */ = {isa = PBXBuildFile; fileRef = 3AFA9CC41A244BCD00978251 /* ChatController.m */; };
		3AFA9CC81A244BCD00978251 /* Main.storyboard in Resources */ = {isa = PBXBuildFile; fileRef = 3AFA9CC61A244BCD00978251 /* Main.storyboard */; };
		3AFA9CCA1A244BCD00978251 /* Images.xcassets in Resources */ = {isa = PBXBuildFile; fileRef = 3AFA9CC91A244BCD00978251 /* Images.xcassets */; };
		3AFA9CCD1A244BCD00978251 /* LaunchScreen.xib in Resources */ = {isa = PBXBuildFile; fileRef = 3AFA9CCB1A244BCD00978251 /* LaunchScreen.xib */; };
		3AFA9CD91A244BCD00978251 /* UCR_ChatTests.m in Sources */ = {isa = PBXBuildFile; fileRef = 3AFA9CD81A244BCD00978251 /* UCR_ChatTests.m */; };
		3AFA9CE41A245F0800978251 /* ChatFriendsController.m in Sources */ = {isa = PBXBuildFile; fileRef = 3AFA9CE31A245F0800978251 /* ChatFriendsController.m */; };
		3AFA9CE91A253DA400978251 /* ChatCellController.m in Sources */ = {isa = PBXBuildFile; fileRef = 3AFA9CE61A253DA400978251 /* ChatCellController.m */; };
		3AFA9CEA1A253DA400978251 /* ChatViewController.m in Sources */ = {isa = PBXBuildFile; fileRef = 3AFA9CE81A253DA400978251 /* ChatViewController.m */; };
		3AFC263D1A269623008912B8 /* Accounts.framework in Frameworks */ = {isa = PBXBuildFile; fileRef = 3AFC263C1A269623008912B8 /* Accounts.framework */; };
		3AFC263F1A269631008912B8 /* AudioToolbox.framework in Frameworks */ = {isa = PBXBuildFile; fileRef = 3AFC263E1A269631008912B8 /* AudioToolbox.framework */; };
		3AFC26411A26963A008912B8 /* CFNetwork.framework in Frameworks */ = {isa = PBXBuildFile; fileRef = 3AFC26401A26963A008912B8 /* CFNetwork.framework */; };
		3AFC26431A269643008912B8 /* CoreGraphics.framework in Frameworks */ = {isa = PBXBuildFile; fileRef = 3AFC26421A269643008912B8 /* CoreGraphics.framework */; };
		3AFC26451A26964B008912B8 /* CoreLocation.framework in Frameworks */ = {isa = PBXBuildFile; fileRef = 3AFC26441A26964B008912B8 /* CoreLocation.framework */; };
		3AFC26471A269656008912B8 /* libz.dylib in Frameworks */ = {isa = PBXBuildFile; fileRef = 3AFC26461A269656008912B8 /* libz.dylib */; };
		3AFC26491A26965D008912B8 /* MobileCoreServices.framework in Frameworks */ = {isa = PBXBuildFile; fileRef = 3AFC26481A26965D008912B8 /* MobileCoreServices.framework */; };
		3AFC264B1A269664008912B8 /* QuartzCore.framework in Frameworks */ = {isa = PBXBuildFile; fileRef = 3AFC264A1A269664008912B8 /* QuartzCore.framework */; };
		3AFC264D1A26966B008912B8 /* Security.framework in Frameworks */ = {isa = PBXBuildFile; fileRef = 3AFC264C1A26966B008912B8 /* Security.framework */; };
		3AFC264F1A269674008912B8 /* Social.framework in Frameworks */ = {isa = PBXBuildFile; fileRef = 3AFC264E1A269674008912B8 /* Social.framework */; };
		3AFC26511A26967B008912B8 /* StoreKit.framework in Frameworks */ = {isa = PBXBuildFile; fileRef = 3AFC26501A26967B008912B8 /* StoreKit.framework */; };
		3AFC26531A269685008912B8 /* SystemConfiguration.framework in Frameworks */ = {isa = PBXBuildFile; fileRef = 3AFC26521A269685008912B8 /* SystemConfiguration.framework */; };
		3AFC26581A27B3CF008912B8 /* Bolts.framework in Frameworks */ = {isa = PBXBuildFile; fileRef = 3AFC26541A27B3CF008912B8 /* Bolts.framework */; };
		3AFC26591A27B3CF008912B8 /* Parse.framework in Frameworks */ = {isa = PBXBuildFile; fileRef = 3AFC26551A27B3CF008912B8 /* Parse.framework */; };
		3AFC265B1A27B3CF008912B8 /* ParseUI.framework in Frameworks */ = {isa = PBXBuildFile; fileRef = 3AFC26571A27B3CF008912B8 /* ParseUI.framework */; };
		3AFC265E1A2C0056008912B8 /* ChatTabBarController.m in Sources */ = {isa = PBXBuildFile; fileRef = 3AFC265D1A2C0056008912B8 /* ChatTabBarController.m */; };
		EE97B7AB2956D129D4475496 /* libPods.a in Frameworks */ = {isa = PBXBuildFile; fileRef = 1A547F8798E874613ACCC25D /* libPods.a */; };
/* End PBXBuildFile section */

/* Begin PBXContainerItemProxy section */
		3AFA9CD31A244BCD00978251 /* PBXContainerItemProxy */ = {
			isa = PBXContainerItemProxy;
			containerPortal = 3AFA9CB11A244BCD00978251 /* Project object */;
			proxyType = 1;
			remoteGlobalIDString = 3AFA9CB81A244BCD00978251;
			remoteInfo = "UCR-Chat";
		};
/* End PBXContainerItemProxy section */

/* Begin PBXFileReference section */
		1A547F8798E874613ACCC25D /* libPods.a */ = {isa = PBXFileReference; explicitFileType = archive.ar; includeInIndex = 0; path = libPods.a; sourceTree = BUILT_PRODUCTS_DIR; };
		3A3727A71A2FDA460043FCF5 /* AddMultiPost.h */ = {isa = PBXFileReference; fileEncoding = 4; lastKnownFileType = sourcecode.c.h; path = AddMultiPost.h; sourceTree = "<group>"; };
		3A3727A81A2FDA460043FCF5 /* AddMultiPost.m */ = {isa = PBXFileReference; fileEncoding = 4; lastKnownFileType = sourcecode.c.objc; path = AddMultiPost.m; sourceTree = "<group>"; };
		3A3727A91A2FDA460043FCF5 /* AddPostController.h */ = {isa = PBXFileReference; fileEncoding = 4; lastKnownFileType = sourcecode.c.h; path = AddPostController.h; sourceTree = "<group>"; };
		3A3727AA1A2FDA460043FCF5 /* AddPostController.m */ = {isa = PBXFileReference; fileEncoding = 4; lastKnownFileType = sourcecode.c.objc; path = AddPostController.m; sourceTree = "<group>"; };
		3A3727AB1A2FDA460043FCF5 /* CommentPost.h */ = {isa = PBXFileReference; fileEncoding = 4; lastKnownFileType = sourcecode.c.h; path = CommentPost.h; sourceTree = "<group>"; };
		3A3727AC1A2FDA460043FCF5 /* CommentPost.m */ = {isa = PBXFileReference; fileEncoding = 4; lastKnownFileType = sourcecode.c.objc; path = CommentPost.m; sourceTree = "<group>"; };
		3A3727AD1A2FDA460043FCF5 /* CustomCell.h */ = {isa = PBXFileReference; fileEncoding = 4; lastKnownFileType = sourcecode.c.h; path = CustomCell.h; sourceTree = "<group>"; };
		3A3727AE1A2FDA460043FCF5 /* CustomCell.m */ = {isa = PBXFileReference; fileEncoding = 4; lastKnownFileType = sourcecode.c.objc; path = CustomCell.m; sourceTree = "<group>"; };
		3A3727AF1A2FDA460043FCF5 /* MultimediaPost.h */ = {isa = PBXFileReference; fileEncoding = 4; lastKnownFileType = sourcecode.c.h; path = MultimediaPost.h; sourceTree = "<group>"; };
		3A3727B01A2FDA460043FCF5 /* MultimediaPost.m */ = {isa = PBXFileReference; fileEncoding = 4; lastKnownFileType = sourcecode.c.objc; path = MultimediaPost.m; sourceTree = "<group>"; };
		3A3727B11A2FDA460043FCF5 /* PhotoViewPost.h */ = {isa = PBXFileReference; fileEncoding = 4; lastKnownFileType = sourcecode.c.h; path = PhotoViewPost.h; sourceTree = "<group>"; };
		3A3727B21A2FDA460043FCF5 /* PhotoViewPost.m */ = {isa = PBXFileReference; fileEncoding = 4; lastKnownFileType = sourcecode.c.objc; path = PhotoViewPost.m; sourceTree = "<group>"; };
		3A3727B31A2FDA460043FCF5 /* PostComment.h */ = {isa = PBXFileReference; fileEncoding = 4; lastKnownFileType = sourcecode.c.h; path = PostComment.h; sourceTree = "<group>"; };
		3A3727B41A2FDA460043FCF5 /* PostComment.m */ = {isa = PBXFileReference; fileEncoding = 4; lastKnownFileType = sourcecode.c.objc; path = PostComment.m; sourceTree = "<group>"; };
		3A3727B51A2FDA460043FCF5 /* PostViewController.h */ = {isa = PBXFileReference; fileEncoding = 4; lastKnownFileType = sourcecode.c.h; path = PostViewController.h; sourceTree = "<group>"; };
		3A3727B61A2FDA460043FCF5 /* PostViewController.m */ = {isa = PBXFileReference; fileEncoding = 4; lastKnownFileType = sourcecode.c.objc; path = PostViewController.m; sourceTree = "<group>"; };
		3A3727B71A2FDA460043FCF5 /* TimelineController.h */ = {isa = PBXFileReference; fileEncoding = 4; lastKnownFileType = sourcecode.c.h; path = TimelineController.h; sourceTree = "<group>"; };
		3A3727B81A2FDA460043FCF5 /* TimelineController.m */ = {isa = PBXFileReference; fileEncoding = 4; lastKnownFileType = sourcecode.c.objc; path = TimelineController.m; sourceTree = "<group>"; };
		3A3727B91A2FDA460043FCF5 /* UserImage.h */ = {isa = PBXFileReference; fileEncoding = 4; lastKnownFileType = sourcecode.c.h; path = UserImage.h; sourceTree = "<group>"; };
		3A3727BA1A2FDA460043FCF5 /* UserImage.m */ = {isa = PBXFileReference; fileEncoding = 4; lastKnownFileType = sourcecode.c.objc; path = UserImage.m; sourceTree = "<group>"; };
		3A3727BB1A2FDA460043FCF5 /* Visibility.h */ = {isa = PBXFileReference; fileEncoding = 4; lastKnownFileType = sourcecode.c.h; path = Visibility.h; sourceTree = "<group>"; };
		3A3727BC1A2FDA460043FCF5 /* Visibility.m */ = {isa = PBXFileReference; fileEncoding = 4; lastKnownFileType = sourcecode.c.objc; path = Visibility.m; sourceTree = "<group>"; };
		3A3727C91A2FE6530043FCF5 /* aboutMeController.h */ = {isa = PBXFileReference; fileEncoding = 4; lastKnownFileType = sourcecode.c.h; path = aboutMeController.h; sourceTree = "<group>"; };
		3A3727CA1A2FE6950043FCF5 /* aboutMeController.m */ = {isa = PBXFileReference; fileEncoding = 4; lastKnownFileType = sourcecode.c.objc; path = aboutMeController.m; sourceTree = "<group>"; };
		3A3727CC1A2FE6D10043FCF5 /* MBProgressHUD.h */ = {isa = PBXFileReference; fileEncoding = 4; lastKnownFileType = sourcecode.c.h; path = MBProgressHUD.h; sourceTree = "<group>"; };
		3A3727CD1A2FE6D10043FCF5 /* MBProgressHUD.m */ = {isa = PBXFileReference; fileEncoding = 4; lastKnownFileType = sourcecode.c.objc; path = MBProgressHUD.m; sourceTree = "<group>"; };
		3A3727CE1A2FE6D10043FCF5 /* MeController.h */ = {isa = PBXFileReference; fileEncoding = 4; lastKnownFileType = sourcecode.c.h; path = MeController.h; sourceTree = "<group>"; };
		3A3727CF1A2FE6D10043FCF5 /* MeController.m */ = {isa = PBXFileReference; fileEncoding = 4; lastKnownFileType = sourcecode.c.objc; path = MeController.m; sourceTree = "<group>"; };
		3A3727D01A2FE6D10043FCF5 /* NameInputController.h */ = {isa = PBXFileReference; fileEncoding = 4; lastKnownFileType = sourcecode.c.h; path = NameInputController.h; sourceTree = "<group>"; };
		3A3727D11A2FE6D10043FCF5 /* NameInputController.m */ = {isa = PBXFileReference; fileEncoding = 4; lastKnownFileType = sourcecode.c.objc; path = NameInputController.m; sourceTree = "<group>"; };
		3A3727D21A2FE6D10043FCF5 /* UserFileController.h */ = {isa = PBXFileReference; fileEncoding = 4; lastKnownFileType = sourcecode.c.h; path = UserFileController.h; sourceTree = "<group>"; };
		3A3727D31A2FE6D10043FCF5 /* UserFileController.m */ = {isa = PBXFileReference; fileEncoding = 4; lastKnownFileType = sourcecode.c.objc; path = UserFileController.m; sourceTree = "<group>"; };
		3A3727D91A2FEB950043FCF5 /* FriendRequests.h */ = {isa = PBXFileReference; fileEncoding = 4; lastKnownFileType = sourcecode.c.h; path = FriendRequests.h; sourceTree = "<group>"; };
		3A3727DA1A2FEB950043FCF5 /* FriendRequests.m */ = {isa = PBXFileReference; fileEncoding = 4; lastKnownFileType = sourcecode.c.objc; path = FriendRequests.m; sourceTree = "<group>"; };
		3A3727DB1A2FEB950043FCF5 /* FriendsController.h */ = {isa = PBXFileReference; fileEncoding = 4; lastKnownFileType = sourcecode.c.h; path = FriendsController.h; sourceTree = "<group>"; };
		3A3727DC1A2FEB950043FCF5 /* FriendsController.m */ = {isa = PBXFileReference; fileEncoding = 4; lastKnownFileType = sourcecode.c.objc; path = FriendsController.m; sourceTree = "<group>"; };
		3A3727DD1A2FEB950043FCF5 /* friendsInfo.h */ = {isa = PBXFileReference; fileEncoding = 4; lastKnownFileType = sourcecode.c.h; path = friendsInfo.h; sourceTree = "<group>"; };
		3A3727DE1A2FEB950043FCF5 /* friendsInfo.m */ = {isa = PBXFileReference; fileEncoding = 4; lastKnownFileType = sourcecode.c.objc; path = friendsInfo.m; sourceTree = "<group>"; };
		3A3727DF1A2FEB950043FCF5 /* MyFriends.h */ = {isa = PBXFileReference; fileEncoding = 4; lastKnownFileType = sourcecode.c.h; path = MyFriends.h; sourceTree = "<group>"; };
		3A3727E01A2FEB950043FCF5 /* MyFriends.m */ = {isa = PBXFileReference; fileEncoding = 4; lastKnownFileType = sourcecode.c.objc; path = MyFriends.m; sourceTree = "<group>"; };
		3A3727E51A2FEBA40043FCF5 /* TableCell.h */ = {isa = PBXFileReference; fileEncoding = 4; lastKnownFileType = sourcecode.c.h; path = TableCell.h; sourceTree = "<group>"; };
		3A3727E61A2FEBBB0043FCF5 /* TableCell.m */ = {isa = PBXFileReference; fileEncoding = 4; lastKnownFileType = sourcecode.c.objc; path = TableCell.m; sourceTree = "<group>"; };
		3A3727E81A2FEC430043FCF5 /* addFriend.h */ = {isa = PBXFileReference; fileEncoding = 4; lastKnownFileType = sourcecode.c.h; path = addFriend.h; sourceTree = "<group>"; };
		3A3727E91A2FEC430043FCF5 /* addFriend.m */ = {isa = PBXFileReference; fileEncoding = 4; lastKnownFileType = sourcecode.c.objc; path = addFriend.m; sourceTree = "<group>"; };
		3AFA9CB91A244BCD00978251 /* UCR-Chat.app */ = {isa = PBXFileReference; explicitFileType = wrapper.application; includeInIndex = 0; path = "UCR-Chat.app"; sourceTree = BUILT_PRODUCTS_DIR; };
		3AFA9CBD1A244BCD00978251 /* Info.plist */ = {isa = PBXFileReference; lastKnownFileType = text.plist.xml; path = Info.plist; sourceTree = "<group>"; };
		3AFA9CBE1A244BCD00978251 /* main.m */ = {isa = PBXFileReference; lastKnownFileType = sourcecode.c.objc; path = main.m; sourceTree = "<group>"; };
		3AFA9CC01A244BCD00978251 /* AppDelegate.h */ = {isa = PBXFileReference; lastKnownFileType = sourcecode.c.h; path = AppDelegate.h; sourceTree = "<group>"; };
		3AFA9CC11A244BCD00978251 /* AppDelegate.m */ = {isa = PBXFileReference; lastKnownFileType = sourcecode.c.objc; path = AppDelegate.m; sourceTree = "<group>"; };
		3AFA9CC31A244BCD00978251 /* ChatController.h */ = {isa = PBXFileReference; lastKnownFileType = sourcecode.c.h; path = ChatController.h; sourceTree = "<group>"; };
		3AFA9CC41A244BCD00978251 /* ChatController.m */ = {isa = PBXFileReference; lastKnownFileType = sourcecode.c.objc; path = ChatController.m; sourceTree = "<group>"; };
		3AFA9CC71A244BCD00978251 /* Base */ = {isa = PBXFileReference; lastKnownFileType = file.storyboard; name = Base; path = Base.lproj/Main.storyboard; sourceTree = "<group>"; };
		3AFA9CC91A244BCD00978251 /* Images.xcassets */ = {isa = PBXFileReference; lastKnownFileType = folder.assetcatalog; path = Images.xcassets; sourceTree = "<group>"; };
		3AFA9CCC1A244BCD00978251 /* Base */ = {isa = PBXFileReference; lastKnownFileType = file.xib; name = Base; path = Base.lproj/LaunchScreen.xib; sourceTree = "<group>"; };
		3AFA9CD21A244BCD00978251 /* UCR-ChatTests.xctest */ = {isa = PBXFileReference; explicitFileType = wrapper.cfbundle; includeInIndex = 0; path = "UCR-ChatTests.xctest"; sourceTree = BUILT_PRODUCTS_DIR; };
		3AFA9CD71A244BCD00978251 /* Info.plist */ = {isa = PBXFileReference; lastKnownFileType = text.plist.xml; path = Info.plist; sourceTree = "<group>"; };
		3AFA9CD81A244BCD00978251 /* UCR_ChatTests.m */ = {isa = PBXFileReference; lastKnownFileType = sourcecode.c.objc; path = UCR_ChatTests.m; sourceTree = "<group>"; };
		3AFA9CE21A245F0800978251 /* ChatFriendsController.h */ = {isa = PBXFileReference; fileEncoding = 4; lastKnownFileType = sourcecode.c.h; path = ChatFriendsController.h; sourceTree = "<group>"; };
		3AFA9CE31A245F0800978251 /* ChatFriendsController.m */ = {isa = PBXFileReference; fileEncoding = 4; lastKnownFileType = sourcecode.c.objc; path = ChatFriendsController.m; sourceTree = "<group>"; };
		3AFA9CE51A253DA400978251 /* ChatCellController.h */ = {isa = PBXFileReference; fileEncoding = 4; lastKnownFileType = sourcecode.c.h; path = ChatCellController.h; sourceTree = "<group>"; };
		3AFA9CE61A253DA400978251 /* ChatCellController.m */ = {isa = PBXFileReference; fileEncoding = 4; lastKnownFileType = sourcecode.c.objc; path = ChatCellController.m; sourceTree = "<group>"; };
		3AFA9CE71A253DA400978251 /* ChatViewController.h */ = {isa = PBXFileReference; fileEncoding = 4; lastKnownFileType = sourcecode.c.h; path = ChatViewController.h; sourceTree = "<group>"; };
		3AFA9CE81A253DA400978251 /* ChatViewController.m */ = {isa = PBXFileReference; fileEncoding = 4; lastKnownFileType = sourcecode.c.objc; path = ChatViewController.m; sourceTree = "<group>"; };
		3AFC263C1A269623008912B8 /* Accounts.framework */ = {isa = PBXFileReference; lastKnownFileType = wrapper.framework; name = Accounts.framework; path = System/Library/Frameworks/Accounts.framework; sourceTree = SDKROOT; };
		3AFC263E1A269631008912B8 /* AudioToolbox.framework */ = {isa = PBXFileReference; lastKnownFileType = wrapper.framework; name = AudioToolbox.framework; path = System/Library/Frameworks/AudioToolbox.framework; sourceTree = SDKROOT; };
		3AFC26401A26963A008912B8 /* CFNetwork.framework */ = {isa = PBXFileReference; lastKnownFileType = wrapper.framework; name = CFNetwork.framework; path = System/Library/Frameworks/CFNetwork.framework; sourceTree = SDKROOT; };
		3AFC26421A269643008912B8 /* CoreGraphics.framework */ = {isa = PBXFileReference; lastKnownFileType = wrapper.framework; name = CoreGraphics.framework; path = System/Library/Frameworks/CoreGraphics.framework; sourceTree = SDKROOT; };
		3AFC26441A26964B008912B8 /* CoreLocation.framework */ = {isa = PBXFileReference; lastKnownFileType = wrapper.framework; name = CoreLocation.framework; path = System/Library/Frameworks/CoreLocation.framework; sourceTree = SDKROOT; };
		3AFC26461A269656008912B8 /* libz.dylib */ = {isa = PBXFileReference; lastKnownFileType = "compiled.mach-o.dylib"; name = libz.dylib; path = usr/lib/libz.dylib; sourceTree = SDKROOT; };
		3AFC26481A26965D008912B8 /* MobileCoreServices.framework */ = {isa = PBXFileReference; lastKnownFileType = wrapper.framework; name = MobileCoreServices.framework; path = System/Library/Frameworks/MobileCoreServices.framework; sourceTree = SDKROOT; };
		3AFC264A1A269664008912B8 /* QuartzCore.framework */ = {isa = PBXFileReference; lastKnownFileType = wrapper.framework; name = QuartzCore.framework; path = System/Library/Frameworks/QuartzCore.framework; sourceTree = SDKROOT; };
		3AFC264C1A26966B008912B8 /* Security.framework */ = {isa = PBXFileReference; lastKnownFileType = wrapper.framework; name = Security.framework; path = System/Library/Frameworks/Security.framework; sourceTree = SDKROOT; };
		3AFC264E1A269674008912B8 /* Social.framework */ = {isa = PBXFileReference; lastKnownFileType = wrapper.framework; name = Social.framework; path = System/Library/Frameworks/Social.framework; sourceTree = SDKROOT; };
		3AFC26501A26967B008912B8 /* StoreKit.framework */ = {isa = PBXFileReference; lastKnownFileType = wrapper.framework; name = StoreKit.framework; path = System/Library/Frameworks/StoreKit.framework; sourceTree = SDKROOT; };
		3AFC26521A269685008912B8 /* SystemConfiguration.framework */ = {isa = PBXFileReference; lastKnownFileType = wrapper.framework; name = SystemConfiguration.framework; path = System/Library/Frameworks/SystemConfiguration.framework; sourceTree = SDKROOT; };
		3AFC26541A27B3CF008912B8 /* Bolts.framework */ = {isa = PBXFileReference; lastKnownFileType = wrapper.framework; name = Bolts.framework; path = "../../Downloads/parse-library-1.5.0 (1)/Bolts.framework"; sourceTree = "<group>"; };
		3AFC26551A27B3CF008912B8 /* Parse.framework */ = {isa = PBXFileReference; lastKnownFileType = wrapper.framework; name = Parse.framework; path = "../../Downloads/parse-library-1.5.0 (1)/Parse.framework"; sourceTree = "<group>"; };
		3AFC26571A27B3CF008912B8 /* ParseUI.framework */ = {isa = PBXFileReference; lastKnownFileType = wrapper.framework; name = ParseUI.framework; path = "../../Downloads/parse-library-1.5.0 (1)/ParseUI.framework"; sourceTree = "<group>"; };
		3AFC265C1A2C0056008912B8 /* ChatTabBarController.h */ = {isa = PBXFileReference; fileEncoding = 4; lastKnownFileType = sourcecode.c.h; path = ChatTabBarController.h; sourceTree = "<group>"; };
		3AFC265D1A2C0056008912B8 /* ChatTabBarController.m */ = {isa = PBXFileReference; fileEncoding = 4; lastKnownFileType = sourcecode.c.objc; path = ChatTabBarController.m; sourceTree = "<group>"; };
		5E915A5BBB42D971614ECFA6 /* Pods.release.xcconfig */ = {isa = PBXFileReference; includeInIndex = 1; lastKnownFileType = text.xcconfig; name = Pods.release.xcconfig; path = "Pods/Target Support Files/Pods/Pods.release.xcconfig"; sourceTree = "<group>"; };
		ED5CF9E238CCD8E685476737 /* Pods.debug.xcconfig */ = {isa = PBXFileReference; includeInIndex = 1; lastKnownFileType = text.xcconfig; name = Pods.debug.xcconfig; path = "Pods/Target Support Files/Pods/Pods.debug.xcconfig"; sourceTree = "<group>"; };
/* End PBXFileReference section */

/* Begin PBXFrameworksBuildPhase section */
		3AFA9CB61A244BCD00978251 /* Frameworks */ = {
			isa = PBXFrameworksBuildPhase;
			buildActionMask = 2147483647;
			files = (
				3AFC26531A269685008912B8 /* SystemConfiguration.framework in Frameworks */,
				3AFC26511A26967B008912B8 /* StoreKit.framework in Frameworks */,
				3AFC264F1A269674008912B8 /* Social.framework in Frameworks */,
				3AFC264D1A26966B008912B8 /* Security.framework in Frameworks */,
				3AFC26591A27B3CF008912B8 /* Parse.framework in Frameworks */,
				3AFC264B1A269664008912B8 /* QuartzCore.framework in Frameworks */,
				3AFC26491A26965D008912B8 /* MobileCoreServices.framework in Frameworks */,
				3AFC26471A269656008912B8 /* libz.dylib in Frameworks */,
				3AFC26451A26964B008912B8 /* CoreLocation.framework in Frameworks */,
				3AFC265B1A27B3CF008912B8 /* ParseUI.framework in Frameworks */,
				3AFC26431A269643008912B8 /* CoreGraphics.framework in Frameworks */,
				3AFC26411A26963A008912B8 /* CFNetwork.framework in Frameworks */,
				3AFC263F1A269631008912B8 /* AudioToolbox.framework in Frameworks */,
				3AFC263D1A269623008912B8 /* Accounts.framework in Frameworks */,
				EE97B7AB2956D129D4475496 /* libPods.a in Frameworks */,
				3AFC26581A27B3CF008912B8 /* Bolts.framework in Frameworks */,
			);
			runOnlyForDeploymentPostprocessing = 0;
		};
		3AFA9CCF1A244BCD00978251 /* Frameworks */ = {
			isa = PBXFrameworksBuildPhase;
			buildActionMask = 2147483647;
			files = (
			);
			runOnlyForDeploymentPostprocessing = 0;
		};
/* End PBXFrameworksBuildPhase section */

/* Begin PBXGroup section */
		2B97B71EEA9E74642373292E /* Frameworks */ = {
			isa = PBXGroup;
			children = (
				3AFC26541A27B3CF008912B8 /* Bolts.framework */,
				3AFC26551A27B3CF008912B8 /* Parse.framework */,
				3AFC26571A27B3CF008912B8 /* ParseUI.framework */,
				3AFC26521A269685008912B8 /* SystemConfiguration.framework */,
				3AFC26501A26967B008912B8 /* StoreKit.framework */,
				3AFC264E1A269674008912B8 /* Social.framework */,
				3AFC264C1A26966B008912B8 /* Security.framework */,
				3AFC264A1A269664008912B8 /* QuartzCore.framework */,
				3AFC26481A26965D008912B8 /* MobileCoreServices.framework */,
				3AFC26461A269656008912B8 /* libz.dylib */,
				3AFC26441A26964B008912B8 /* CoreLocation.framework */,
				3AFC26421A269643008912B8 /* CoreGraphics.framework */,
				3AFC26401A26963A008912B8 /* CFNetwork.framework */,
				3AFC263E1A269631008912B8 /* AudioToolbox.framework */,
				3AFC263C1A269623008912B8 /* Accounts.framework */,
				1A547F8798E874613ACCC25D /* libPods.a */,
			);
			name = Frameworks;
			sourceTree = "<group>";
		};
		3A3727A61A2FD81B0043FCF5 /* Timeline */ = {
			isa = PBXGroup;
			children = (
				3A3727A71A2FDA460043FCF5 /* AddMultiPost.h */,
				3A3727A81A2FDA460043FCF5 /* AddMultiPost.m */,
				3A3727A91A2FDA460043FCF5 /* AddPostController.h */,
				3A3727AA1A2FDA460043FCF5 /* AddPostController.m */,
				3A3727AB1A2FDA460043FCF5 /* CommentPost.h */,
				3A3727AC1A2FDA460043FCF5 /* CommentPost.m */,
				3A3727AD1A2FDA460043FCF5 /* CustomCell.h */,
				3A3727AE1A2FDA460043FCF5 /* CustomCell.m */,
				3A3727AF1A2FDA460043FCF5 /* MultimediaPost.h */,
				3A3727B01A2FDA460043FCF5 /* MultimediaPost.m */,
				3A3727B11A2FDA460043FCF5 /* PhotoViewPost.h */,
				3A3727B21A2FDA460043FCF5 /* PhotoViewPost.m */,
				3A3727B31A2FDA460043FCF5 /* PostComment.h */,
				3A3727B41A2FDA460043FCF5 /* PostComment.m */,
				3A3727B51A2FDA460043FCF5 /* PostViewController.h */,
				3A3727B61A2FDA460043FCF5 /* PostViewController.m */,
				3A3727B71A2FDA460043FCF5 /* TimelineController.h */,
				3A3727B81A2FDA460043FCF5 /* TimelineController.m */,
				3A3727B91A2FDA460043FCF5 /* UserImage.h */,
				3A3727BA1A2FDA460043FCF5 /* UserImage.m */,
				3A3727BB1A2FDA460043FCF5 /* Visibility.h */,
				3A3727BC1A2FDA460043FCF5 /* Visibility.m */,
			);
			name = Timeline;
			sourceTree = "<group>";
		};
		3A3727C81A2FE4A40043FCF5 /* Profile */ = {
			isa = PBXGroup;
			children = (
				3A3727CC1A2FE6D10043FCF5 /* MBProgressHUD.h */,
				3A3727CD1A2FE6D10043FCF5 /* MBProgressHUD.m */,
				3A3727CE1A2FE6D10043FCF5 /* MeController.h */,
				3A3727CF1A2FE6D10043FCF5 /* MeController.m */,
				3A3727D01A2FE6D10043FCF5 /* NameInputController.h */,
				3A3727D11A2FE6D10043FCF5 /* NameInputController.m */,
				3A3727D21A2FE6D10043FCF5 /* UserFileController.h */,
				3A3727D31A2FE6D10043FCF5 /* UserFileController.m */,
				3A3727CA1A2FE6950043FCF5 /* aboutMeController.m */,
				3A3727C91A2FE6530043FCF5 /* aboutMeController.h */,
			);
			name = Profile;
			sourceTree = "<group>";
		};
		3A3727D81A2FE9960043FCF5 /* Friends */ = {
			isa = PBXGroup;
			children = (
				3A3727E81A2FEC430043FCF5 /* addFriend.h */,
				3A3727E91A2FEC430043FCF5 /* addFriend.m */,
				3A3727E61A2FEBBB0043FCF5 /* TableCell.m */,
				3A3727E51A2FEBA40043FCF5 /* TableCell.h */,
				3A3727D91A2FEB950043FCF5 /* FriendRequests.h */,
				3A3727DA1A2FEB950043FCF5 /* FriendRequests.m */,
				3A3727DB1A2FEB950043FCF5 /* FriendsController.h */,
				3A3727DC1A2FEB950043FCF5 /* FriendsController.m */,
				3A3727DD1A2FEB950043FCF5 /* friendsInfo.h */,
				3A3727DE1A2FEB950043FCF5 /* friendsInfo.m */,
				3A3727DF1A2FEB950043FCF5 /* MyFriends.h */,
				3A3727E01A2FEB950043FCF5 /* MyFriends.m */,
			);
			name = Friends;
			sourceTree = "<group>";
		};
		3AFA9CB01A244BCD00978251 = {
			isa = PBXGroup;
			children = (
				3AFA9CBB1A244BCD00978251 /* UCR-Chat */,
				3AFA9CD51A244BCD00978251 /* UCR-ChatTests */,
				3AFA9CBA1A244BCD00978251 /* Products */,
				4113897074E02B3887880E52 /* Pods */,
				2B97B71EEA9E74642373292E /* Frameworks */,
			);
			sourceTree = "<group>";
		};
		3AFA9CBA1A244BCD00978251 /* Products */ = {
			isa = PBXGroup;
			children = (
				3AFA9CB91A244BCD00978251 /* UCR-Chat.app */,
				3AFA9CD21A244BCD00978251 /* UCR-ChatTests.xctest */,
			);
			name = Products;
			sourceTree = "<group>";
		};
		3AFA9CBB1A244BCD00978251 /* UCR-Chat */ = {
			isa = PBXGroup;
			children = (
				3A3727D81A2FE9960043FCF5 /* Friends */,
				3A3727C81A2FE4A40043FCF5 /* Profile */,
				3A3727A61A2FD81B0043FCF5 /* Timeline */,
				3AFC263B1A265B63008912B8 /* Messenger */,
				3AFA9CC91A244BCD00978251 /* Images.xcassets */,
				3AFA9CCB1A244BCD00978251 /* LaunchScreen.xib */,
				3AFA9CC61A244BCD00978251 /* Main.storyboard */,
				3AFC265C1A2C0056008912B8 /* ChatTabBarController.h */,
				3AFC265D1A2C0056008912B8 /* ChatTabBarController.m */,
				3AFA9CBC1A244BCD00978251 /* Supporting Files */,
			);
			path = "UCR-Chat";
			sourceTree = "<group>";
		};
		3AFA9CBC1A244BCD00978251 /* Supporting Files */ = {
			isa = PBXGroup;
			children = (
				3AFA9CC01A244BCD00978251 /* AppDelegate.h */,
				3AFA9CC11A244BCD00978251 /* AppDelegate.m */,
				3AFA9CBD1A244BCD00978251 /* Info.plist */,
				3AFA9CBE1A244BCD00978251 /* main.m */,
			);
			name = "Supporting Files";
			sourceTree = "<group>";
		};
		3AFA9CD51A244BCD00978251 /* UCR-ChatTests */ = {
			isa = PBXGroup;
			children = (
				3AFA9CD81A244BCD00978251 /* UCR_ChatTests.m */,
				3AFA9CD61A244BCD00978251 /* Supporting Files */,
			);
			path = "UCR-ChatTests";
			sourceTree = "<group>";
		};
		3AFA9CD61A244BCD00978251 /* Supporting Files */ = {
			isa = PBXGroup;
			children = (
				3AFA9CD71A244BCD00978251 /* Info.plist */,
			);
			name = "Supporting Files";
			sourceTree = "<group>";
		};
		3AFC263B1A265B63008912B8 /* Messenger */ = {
			isa = PBXGroup;
			children = (
				3AFA9CE51A253DA400978251 /* ChatCellController.h */,
				3AFA9CC31A244BCD00978251 /* ChatController.h */,
				3AFA9CE21A245F0800978251 /* ChatFriendsController.h */,
				3AFA9CE71A253DA400978251 /* ChatViewController.h */,
				3AFA9CE61A253DA400978251 /* ChatCellController.m */,
				3AFA9CC41A244BCD00978251 /* ChatController.m */,
				3AFA9CE31A245F0800978251 /* ChatFriendsController.m */,
				3AFA9CE81A253DA400978251 /* ChatViewController.m */,
			);
			name = Messenger;
			sourceTree = "<group>";
		};
		4113897074E02B3887880E52 /* Pods */ = {
			isa = PBXGroup;
			children = (
				ED5CF9E238CCD8E685476737 /* Pods.debug.xcconfig */,
				5E915A5BBB42D971614ECFA6 /* Pods.release.xcconfig */,
			);
			name = Pods;
			sourceTree = "<group>";
		};
/* End PBXGroup section */

/* Begin PBXNativeTarget section */
		3AFA9CB81A244BCD00978251 /* UCR-Chat */ = {
			isa = PBXNativeTarget;
			buildConfigurationList = 3AFA9CDC1A244BCD00978251 /* Build configuration list for PBXNativeTarget "UCR-Chat" */;
			buildPhases = (
				81CBBA227AB072F8D71E4181 /* Check Pods Manifest.lock */,
				3AFA9CB51A244BCD00978251 /* Sources */,
				3AFA9CB61A244BCD00978251 /* Frameworks */,
				3AFA9CB71A244BCD00978251 /* Resources */,
				63EDE30696F0D6DE8F096552 /* Copy Pods Resources */,
			);
			buildRules = (
			);
			dependencies = (
			);
			name = "UCR-Chat";
			productName = "UCR-Chat";
			productReference = 3AFA9CB91A244BCD00978251 /* UCR-Chat.app */;
			productType = "com.apple.product-type.application";
		};
		3AFA9CD11A244BCD00978251 /* UCR-ChatTests */ = {
			isa = PBXNativeTarget;
			buildConfigurationList = 3AFA9CDF1A244BCD00978251 /* Build configuration list for PBXNativeTarget "UCR-ChatTests" */;
			buildPhases = (
				3AFA9CCE1A244BCD00978251 /* Sources */,
				3AFA9CCF1A244BCD00978251 /* Frameworks */,
				3AFA9CD01A244BCD00978251 /* Resources */,
			);
			buildRules = (
			);
			dependencies = (
				3AFA9CD41A244BCD00978251 /* PBXTargetDependency */,
			);
			name = "UCR-ChatTests";
			productName = "UCR-ChatTests";
			productReference = 3AFA9CD21A244BCD00978251 /* UCR-ChatTests.xctest */;
			productType = "com.apple.product-type.bundle.unit-test";
		};
/* End PBXNativeTarget section */

/* Begin PBXProject section */
		3AFA9CB11A244BCD00978251 /* Project object */ = {
			isa = PBXProject;
			attributes = {
				LastUpgradeCheck = 0610;
				ORGANIZATIONNAME = me.gustavob;
				TargetAttributes = {
					3AFA9CB81A244BCD00978251 = {
						CreatedOnToolsVersion = 6.1;
						DevelopmentTeam = 6F8XFHJ992;
					};
					3AFA9CD11A244BCD00978251 = {
						CreatedOnToolsVersion = 6.1;
						TestTargetID = 3AFA9CB81A244BCD00978251;
					};
				};
			};
			buildConfigurationList = 3AFA9CB41A244BCD00978251 /* Build configuration list for PBXProject "UCR-Chat" */;
			compatibilityVersion = "Xcode 3.2";
			developmentRegion = English;
			hasScannedForEncodings = 0;
			knownRegions = (
				en,
				Base,
			);
			mainGroup = 3AFA9CB01A244BCD00978251;
			productRefGroup = 3AFA9CBA1A244BCD00978251 /* Products */;
			projectDirPath = "";
			projectRoot = "";
			targets = (
				3AFA9CB81A244BCD00978251 /* UCR-Chat */,
				3AFA9CD11A244BCD00978251 /* UCR-ChatTests */,
			);
		};
/* End PBXProject section */

/* Begin PBXResourcesBuildPhase section */
		3AFA9CB71A244BCD00978251 /* Resources */ = {
			isa = PBXResourcesBuildPhase;
			buildActionMask = 2147483647;
			files = (
				3AFA9CC81A244BCD00978251 /* Main.storyboard in Resources */,
				3AFA9CCD1A244BCD00978251 /* LaunchScreen.xib in Resources */,
				3AFA9CCA1A244BCD00978251 /* Images.xcassets in Resources */,
			);
			runOnlyForDeploymentPostprocessing = 0;
		};
		3AFA9CD01A244BCD00978251 /* Resources */ = {
			isa = PBXResourcesBuildPhase;
			buildActionMask = 2147483647;
			files = (
			);
			runOnlyForDeploymentPostprocessing = 0;
		};
/* End PBXResourcesBuildPhase section */

/* Begin PBXShellScriptBuildPhase section */
		63EDE30696F0D6DE8F096552 /* Copy Pods Resources */ = {
			isa = PBXShellScriptBuildPhase;
			buildActionMask = 2147483647;
			files = (
			);
			inputPaths = (
			);
			name = "Copy Pods Resources";
			outputPaths = (
			);
			runOnlyForDeploymentPostprocessing = 0;
			shellPath = /bin/sh;
			shellScript = "\"${SRCROOT}/Pods/Target Support Files/Pods/Pods-resources.sh\"\n";
			showEnvVarsInLog = 0;
		};
		81CBBA227AB072F8D71E4181 /* Check Pods Manifest.lock */ = {
			isa = PBXShellScriptBuildPhase;
			buildActionMask = 2147483647;
			files = (
			);
			inputPaths = (
			);
			name = "Check Pods Manifest.lock";
			outputPaths = (
			);
			runOnlyForDeploymentPostprocessing = 0;
			shellPath = /bin/sh;
			shellScript = "diff \"${PODS_ROOT}/../Podfile.lock\" \"${PODS_ROOT}/Manifest.lock\" > /dev/null\nif [[ $? != 0 ]] ; then\n    cat << EOM\nerror: The sandbox is not in sync with the Podfile.lock. Run 'pod install' or update your CocoaPods installation.\nEOM\n    exit 1\nfi\n";
			showEnvVarsInLog = 0;
		};
/* End PBXShellScriptBuildPhase section */

/* Begin PBXSourcesBuildPhase section */
		3AFA9CB51A244BCD00978251 /* Sources */ = {
			isa = PBXSourcesBuildPhase;
			buildActionMask = 2147483647;
			files = (
				3A3727BE1A2FDA460043FCF5 /* AddPostController.m in Sources */,
				3A3727CB1A2FE6950043FCF5 /* aboutMeController.m in Sources */,
				3AFA9CC51A244BCD00978251 /* ChatController.m in Sources */,
				3A3727C61A2FDA460043FCF5 /* UserImage.m in Sources */,
				3A3727C01A2FDA460043FCF5 /* CustomCell.m in Sources */,
				3A3727D61A2FE6D10043FCF5 /* NameInputController.m in Sources */,
				3A3727C31A2FDA460043FCF5 /* PostComment.m in Sources */,
				3A3727E11A2FEB950043FCF5 /* FriendRequests.m in Sources */,
				3A3727C71A2FDA460043FCF5 /* Visibility.m in Sources */,
				3A3727EA1A2FEC430043FCF5 /* addFriend.m in Sources */,
				3A3727E31A2FEB950043FCF5 /* friendsInfo.m in Sources */,
				3A3727D41A2FE6D10043FCF5 /* MBProgressHUD.m in Sources */,
				3AFA9CE91A253DA400978251 /* ChatCellController.m in Sources */,
				3AFC265E1A2C0056008912B8 /* ChatTabBarController.m in Sources */,
				3A3727D51A2FE6D10043FCF5 /* MeController.m in Sources */,
				3A3727BD1A2FDA460043FCF5 /* AddMultiPost.m in Sources */,
				3A3727E21A2FEB950043FCF5 /* FriendsController.m in Sources */,
				3AFA9CEA1A253DA400978251 /* ChatViewController.m in Sources */,
				3AFA9CE41A245F0800978251 /* ChatFriendsController.m in Sources */,
				3A3727E71A2FEBBB0043FCF5 /* TableCell.m in Sources */,
				3A3727C11A2FDA460043FCF5 /* MultimediaPost.m in Sources */,
				3A3727E41A2FEB950043FCF5 /* MyFriends.m in Sources */,
				3A3727C51A2FDA460043FCF5 /* TimelineController.m in Sources */,
				3A3727C21A2FDA460043FCF5 /* PhotoViewPost.m in Sources */,
				3A3727BF1A2FDA460043FCF5 /* CommentPost.m in Sources */,
				3A3727D71A2FE6D10043FCF5 /* UserFileController.m in Sources */,
				3AFA9CC21A244BCD00978251 /* AppDelegate.m in Sources */,
				3AFA9CBF1A244BCD00978251 /* main.m in Sources */,
				3A3727C41A2FDA460043FCF5 /* PostViewController.m in Sources */,
			);
			runOnlyForDeploymentPostprocessing = 0;
		};
		3AFA9CCE1A244BCD00978251 /* Sources */ = {
			isa = PBXSourcesBuildPhase;
			buildActionMask = 2147483647;
			files = (
				3AFA9CD91A244BCD00978251 /* UCR_ChatTests.m in Sources */,
			);
			runOnlyForDeploymentPostprocessing = 0;
		};
/* End PBXSourcesBuildPhase section */

/* Begin PBXTargetDependency section */
		3AFA9CD41A244BCD00978251 /* PBXTargetDependency */ = {
			isa = PBXTargetDependency;
			target = 3AFA9CB81A244BCD00978251 /* UCR-Chat */;
			targetProxy = 3AFA9CD31A244BCD00978251 /* PBXContainerItemProxy */;
		};
/* End PBXTargetDependency section */

/* Begin PBXVariantGroup section */
		3AFA9CC61A244BCD00978251 /* Main.storyboard */ = {
			isa = PBXVariantGroup;
			children = (
				3AFA9CC71A244BCD00978251 /* Base */,
			);
			name = Main.storyboard;
			sourceTree = "<group>";
		};
		3AFA9CCB1A244BCD00978251 /* LaunchScreen.xib */ = {
			isa = PBXVariantGroup;
			children = (
				3AFA9CCC1A244BCD00978251 /* Base */,
			);
			name = LaunchScreen.xib;
			sourceTree = "<group>";
		};
/* End PBXVariantGroup section */

/* Begin XCBuildConfiguration section */
		3AFA9CDA1A244BCD00978251 /* Debug */ = {
			isa = XCBuildConfiguration;
			buildSettings = {
				ALWAYS_SEARCH_USER_PATHS = NO;
				CLANG_CXX_LANGUAGE_STANDARD = "gnu++0x";
				CLANG_CXX_LIBRARY = "libc++";
				CLANG_ENABLE_MODULES = YES;
				CLANG_ENABLE_OBJC_ARC = YES;
				CLANG_WARN_BOOL_CONVERSION = YES;
				CLANG_WARN_CONSTANT_CONVERSION = YES;
				CLANG_WARN_DIRECT_OBJC_ISA_USAGE = YES_ERROR;
				CLANG_WARN_EMPTY_BODY = YES;
				CLANG_WARN_ENUM_CONVERSION = YES;
				CLANG_WARN_INT_CONVERSION = YES;
				CLANG_WARN_OBJC_ROOT_CLASS = YES_ERROR;
				CLANG_WARN_UNREACHABLE_CODE = YES;
				CLANG_WARN__DUPLICATE_METHOD_MATCH = YES;
				"CODE_SIGN_IDENTITY[sdk=iphoneos*]" = "iPhone Developer";
				COPY_PHASE_STRIP = NO;
				ENABLE_STRICT_OBJC_MSGSEND = YES;
				GCC_C_LANGUAGE_STANDARD = gnu99;
				GCC_DYNAMIC_NO_PIC = NO;
				GCC_OPTIMIZATION_LEVEL = 0;
				GCC_PREPROCESSOR_DEFINITIONS = (
					"DEBUG=1",
					"$(inherited)",
				);
				GCC_SYMBOLS_PRIVATE_EXTERN = NO;
				GCC_WARN_64_TO_32_BIT_CONVERSION = YES;
				GCC_WARN_ABOUT_RETURN_TYPE = YES_ERROR;
				GCC_WARN_UNDECLARED_SELECTOR = YES;
				GCC_WARN_UNINITIALIZED_AUTOS = YES_AGGRESSIVE;
				GCC_WARN_UNUSED_FUNCTION = YES;
				GCC_WARN_UNUSED_VARIABLE = YES;
				IPHONEOS_DEPLOYMENT_TARGET = 8.1;
				MTL_ENABLE_DEBUG_INFO = YES;
				ONLY_ACTIVE_ARCH = YES;
				SDKROOT = iphoneos;
			};
			name = Debug;
		};
		3AFA9CDB1A244BCD00978251 /* Release */ = {
			isa = XCBuildConfiguration;
			buildSettings = {
				ALWAYS_SEARCH_USER_PATHS = NO;
				CLANG_CXX_LANGUAGE_STANDARD = "gnu++0x";
				CLANG_CXX_LIBRARY = "libc++";
				CLANG_ENABLE_MODULES = YES;
				CLANG_ENABLE_OBJC_ARC = YES;
				CLANG_WARN_BOOL_CONVERSION = YES;
				CLANG_WARN_CONSTANT_CONVERSION = YES;
				CLANG_WARN_DIRECT_OBJC_ISA_USAGE = YES_ERROR;
				CLANG_WARN_EMPTY_BODY = YES;
				CLANG_WARN_ENUM_CONVERSION = YES;
				CLANG_WARN_INT_CONVERSION = YES;
				CLANG_WARN_OBJC_ROOT_CLASS = YES_ERROR;
				CLANG_WARN_UNREACHABLE_CODE = YES;
				CLANG_WARN__DUPLICATE_METHOD_MATCH = YES;
				"CODE_SIGN_IDENTITY[sdk=iphoneos*]" = "iPhone Developer";
				COPY_PHASE_STRIP = YES;
				ENABLE_NS_ASSERTIONS = NO;
				ENABLE_STRICT_OBJC_MSGSEND = YES;
				GCC_C_LANGUAGE_STANDARD = gnu99;
				GCC_WARN_64_TO_32_BIT_CONVERSION = YES;
				GCC_WARN_ABOUT_RETURN_TYPE = YES_ERROR;
				GCC_WARN_UNDECLARED_SELECTOR = YES;
				GCC_WARN_UNINITIALIZED_AUTOS = YES_AGGRESSIVE;
				GCC_WARN_UNUSED_FUNCTION = YES;
				GCC_WARN_UNUSED_VARIABLE = YES;
				IPHONEOS_DEPLOYMENT_TARGET = 8.1;
				MTL_ENABLE_DEBUG_INFO = NO;
				SDKROOT = iphoneos;
				VALIDATE_PRODUCT = YES;
			};
			name = Release;
		};
		3AFA9CDD1A244BCD00978251 /* Debug */ = {
			isa = XCBuildConfiguration;
			baseConfigurationReference = ED5CF9E238CCD8E685476737 /* Pods.debug.xcconfig */;
			buildSettings = {
				ASSETCATALOG_COMPILER_APPICON_NAME = AppIcon;
				CODE_SIGN_IDENTITY = "iPhone Developer";
				"CODE_SIGN_IDENTITY[sdk=iphoneos*]" = "iPhone Developer";
				FRAMEWORK_SEARCH_PATHS = (
					"$(inherited)",
					"/Users/gustavoblanco/Downloads/parse-library-1.5.0",
					"(1)",
				);
				INFOPLIST_FILE = "UCR-Chat/Info.plist";
				LD_RUNPATH_SEARCH_PATHS = "$(inherited) @executable_path/Frameworks";
				PRODUCT_NAME = "$(TARGET_NAME)";
				PROVISIONING_PROFILE = "";
			};
			name = Debug;
		};
		3AFA9CDE1A244BCD00978251 /* Release */ = {
			isa = XCBuildConfiguration;
			baseConfigurationReference = 5E915A5BBB42D971614ECFA6 /* Pods.release.xcconfig */;
			buildSettings = {
				ASSETCATALOG_COMPILER_APPICON_NAME = AppIcon;
				CODE_SIGN_IDENTITY = "iPhone Developer";
				"CODE_SIGN_IDENTITY[sdk=iphoneos*]" = "iPhone Developer";
				FRAMEWORK_SEARCH_PATHS = (
					"$(inherited)",
					"/Users/gustavoblanco/Downloads/parse-library-1.5.0",
					"(1)",
				);
				INFOPLIST_FILE = "UCR-Chat/Info.plist";
				LD_RUNPATH_SEARCH_PATHS = "$(inherited) @executable_path/Frameworks";
				PRODUCT_NAME = "$(TARGET_NAME)";
				PROVISIONING_PROFILE = "";
			};
			name = Release;
		};
		3AFA9CE01A244BCD00978251 /* Debug */ = {
			isa = XCBuildConfiguration;
			buildSettings = {
				BUNDLE_LOADER = "$(TEST_HOST)";
				FRAMEWORK_SEARCH_PATHS = (
					"$(SDKROOT)/Developer/Library/Frameworks",
					"$(inherited)",
				);
				GCC_PREPROCESSOR_DEFINITIONS = (
					"DEBUG=1",
					"$(inherited)",
				);
				INFOPLIST_FILE = "UCR-ChatTests/Info.plist";
				LD_RUNPATH_SEARCH_PATHS = "$(inherited) @executable_path/Frameworks @loader_path/Frameworks";
				PRODUCT_NAME = "$(TARGET_NAME)";
				TEST_HOST = "$(BUILT_PRODUCTS_DIR)/UCR-Chat.app/UCR-Chat";
			};
			name = Debug;
		};
		3AFA9CE11A244BCD00978251 /* Release */ = {
			isa = XCBuildConfiguration;
			buildSettings = {
				BUNDLE_LOADER = "$(TEST_HOST)";
				FRAMEWORK_SEARCH_PATHS = (
					"$(SDKROOT)/Developer/Library/Frameworks",
					"$(inherited)",
				);
				INFOPLIST_FILE = "UCR-ChatTests/Info.plist";
				LD_RUNPATH_SEARCH_PATHS = "$(inherited) @executable_path/Frameworks @loader_path/Frameworks";
				PRODUCT_NAME = "$(TARGET_NAME)";
				TEST_HOST = "$(BUILT_PRODUCTS_DIR)/UCR-Chat.app/UCR-Chat";
			};
			name = Release;
		};
/* End XCBuildConfiguration section */

/* Begin XCConfigurationList section */
		3AFA9CB41A244BCD00978251 /* Build configuration list for PBXProject "UCR-Chat" */ = {
			isa = XCConfigurationList;
			buildConfigurations = (
				3AFA9CDA1A244BCD00978251 /* Debug */,
				3AFA9CDB1A244BCD00978251 /* Release */,
			);
			defaultConfigurationIsVisible = 0;
			defaultConfigurationName = Release;
		};
		3AFA9CDC1A244BCD00978251 /* Build configuration list for PBXNativeTarget "UCR-Chat" */ = {
			isa = XCConfigurationList;
			buildConfigurations = (
				3AFA9CDD1A244BCD00978251 /* Debug */,
				3AFA9CDE1A244BCD00978251 /* Release */,
			);
			defaultConfigurationIsVisible = 0;
			defaultConfigurationName = Release;
		};
		3AFA9CDF1A244BCD00978251 /* Build configuration list for PBXNativeTarget "UCR-ChatTests" */ = {
			isa = XCConfigurationList;
			buildConfigurations = (
				3AFA9CE01A244BCD00978251 /* Debug */,
				3AFA9CE11A244BCD00978251 /* Release */,
			);
			defaultConfigurationIsVisible = 0;
			defaultConfigurationName = Release;
		};
/* End XCConfigurationList section */
	};
	rootObject = 3AFA9CB11A244BCD00978251 /* Project object */;
}
