// !$*UTF8*$!
{
	archiveVersion = 1;
	classes = {
	};
	objectVersion = 46;
	objects = {

/* Begin PBXBuildFile section */
		3065DFDB1A107EFE00D73E26 /* Main.storyboard in Resources */ = {isa = PBXBuildFile; fileRef = 3065DFD91A107EFE00D73E26 /* Main.storyboard */; };
		309BA6B31A120D54005F2A46 /* Bolts.framework in Frameworks */ = {isa = PBXBuildFile; fileRef = 309BA6B11A120D54005F2A46 /* Bolts.framework */; };
		309BA6B41A120D54005F2A46 /* Parse.framework in Frameworks */ = {isa = PBXBuildFile; fileRef = 309BA6B21A120D54005F2A46 /* Parse.framework */; };
		30AC581E1A11E6E60070D3E0 /* NameInputController.m in Sources */ = {isa = PBXBuildFile; fileRef = 30AC581D1A11E6E60070D3E0 /* NameInputController.m */; };
		3A0458BE19F6F062007B44A0 /* main.m in Sources */ = {isa = PBXBuildFile; fileRef = 3A0458BD19F6F062007B44A0 /* main.m */; };
		3A0458C119F6F062007B44A0 /* AppDelegate.m in Sources */ = {isa = PBXBuildFile; fileRef = 3A0458C019F6F062007B44A0 /* AppDelegate.m */; };
		3A0458CC19F6F062007B44A0 /* Images.xcassets in Resources */ = {isa = PBXBuildFile; fileRef = 3A0458CB19F6F062007B44A0 /* Images.xcassets */; };
		3A0458CF19F6F062007B44A0 /* LaunchScreen.xib in Resources */ = {isa = PBXBuildFile; fileRef = 3A0458CD19F6F062007B44A0 /* LaunchScreen.xib */; };
		3A0458DB19F6F062007B44A0 /* UCRChatTests.m in Sources */ = {isa = PBXBuildFile; fileRef = 3A0458DA19F6F062007B44A0 /* UCRChatTests.m */; };
		3A68523C1A11DBF200211397 /* CFNetwork.framework in Frameworks */ = {isa = PBXBuildFile; fileRef = 3A68523B1A11DBF200211397 /* CFNetwork.framework */; };
		3A68523E1A11DBF800211397 /* Security.framework in Frameworks */ = {isa = PBXBuildFile; fileRef = 3A68523D1A11DBF700211397 /* Security.framework */; };
		3A6852401A11DBFF00211397 /* SystemConfiguration.framework in Frameworks */ = {isa = PBXBuildFile; fileRef = 3A68523F1A11DBFF00211397 /* SystemConfiguration.framework */; };
		3A6852421A11DC3100211397 /* Accounts.framework in Frameworks */ = {isa = PBXBuildFile; fileRef = 3A6852411A11DC3100211397 /* Accounts.framework */; };
		3A6852441A11DC3600211397 /* AudioToolbox.framework in Frameworks */ = {isa = PBXBuildFile; fileRef = 3A6852431A11DC3600211397 /* AudioToolbox.framework */; };
		3A6852461A11DC4300211397 /* CoreGraphics.framework in Frameworks */ = {isa = PBXBuildFile; fileRef = 3A6852451A11DC4300211397 /* CoreGraphics.framework */; };
		3A6852481A11DC4900211397 /* CoreLocation.framework in Frameworks */ = {isa = PBXBuildFile; fileRef = 3A6852471A11DC4900211397 /* CoreLocation.framework */; };
		3A68524A1A11DC5000211397 /* libz.dylib in Frameworks */ = {isa = PBXBuildFile; fileRef = 3A6852491A11DC5000211397 /* libz.dylib */; };
		3A68524C1A11DC5700211397 /* MobileCoreServices.framework in Frameworks */ = {isa = PBXBuildFile; fileRef = 3A68524B1A11DC5700211397 /* MobileCoreServices.framework */; };
		3A68524E1A11DC5E00211397 /* QuartzCore.framework in Frameworks */ = {isa = PBXBuildFile; fileRef = 3A68524D1A11DC5E00211397 /* QuartzCore.framework */; };
		3A6852501A11DC6700211397 /* Social.framework in Frameworks */ = {isa = PBXBuildFile; fileRef = 3A68524F1A11DC6700211397 /* Social.framework */; };
		3A6852521A11DC6D00211397 /* StoreKit.framework in Frameworks */ = {isa = PBXBuildFile; fileRef = 3A6852511A11DC6D00211397 /* StoreKit.framework */; };
		3A88FEB319FDDF8D007A53DD /* ChatController.m in Sources */ = {isa = PBXBuildFile; fileRef = 3A88FEB019FDDF8D007A53DD /* ChatController.m */; };
		3A88FEB419FDDF8D007A53DD /* FriendsController.m in Sources */ = {isa = PBXBuildFile; fileRef = 3A88FEB219FDDF8D007A53DD /* FriendsController.m */; };
		3A8A06F41A0EE2D200FAE3A7 /* User.m in Sources */ = {isa = PBXBuildFile; fileRef = 3A8A06F31A0EE2D200FAE3A7 /* User.m */; };
		3A8A06F91A0F586200FAE3A7 /* ChatAppTabBarController.m in Sources */ = {isa = PBXBuildFile; fileRef = 3A8A06F81A0F586200FAE3A7 /* ChatAppTabBarController.m */; };
		3A8A06FB1A102F0D00FAE3A7 /* MeController.m in Sources */ = {isa = PBXBuildFile; fileRef = 3A8A06FA1A102F0D00FAE3A7 /* MeController.m */; };
		3A8A06FE1A10708100FAE3A7 /* UserFileController.m in Sources */ = {isa = PBXBuildFile; fileRef = 3A8A06FD1A10708100FAE3A7 /* UserFileController.m */; };
		3ACB40A519F8650200E1303A /* TimelineController.m in Sources */ = {isa = PBXBuildFile; fileRef = 3ACB40A419F8650200E1303A /* TimelineController.m */; };
		8BC71A461A140F11009756FA /* MyFriends.m in Sources */ = {isa = PBXBuildFile; fileRef = 8BC71A441A140F11009756FA /* MyFriends.m */; };
		8BC71A481A140F22009756FA /* TableCell.m in Sources */ = {isa = PBXBuildFile; fileRef = 8BC71A471A140F22009756FA /* TableCell.m */; };
/* End PBXBuildFile section */

/* Begin PBXContainerItemProxy section */
		3A0458D519F6F062007B44A0 /* PBXContainerItemProxy */ = {
			isa = PBXContainerItemProxy;
			containerPortal = 3A0458B019F6F062007B44A0 /* Project object */;
			proxyType = 1;
			remoteGlobalIDString = 3A0458B719F6F062007B44A0;
			remoteInfo = UCRChat;
		};
/* End PBXContainerItemProxy section */

/* Begin PBXFileReference section */
		3065DFDA1A107EFE00D73E26 /* Base */ = {isa = PBXFileReference; lastKnownFileType = file.storyboard; name = Base; path = Base.lproj/Main.storyboard; sourceTree = "<group>"; };
		309BA6B11A120D54005F2A46 /* Bolts.framework */ = {isa = PBXFileReference; lastKnownFileType = wrapper.framework; name = Bolts.framework; path = "parse-library-1.4.2/Bolts.framework"; sourceTree = SOURCE_ROOT; };
		309BA6B21A120D54005F2A46 /* Parse.framework */ = {isa = PBXFileReference; lastKnownFileType = wrapper.framework; name = Parse.framework; path = "parse-library-1.4.2/Parse.framework"; sourceTree = SOURCE_ROOT; };
		30AC581C1A11E6E60070D3E0 /* NameInputController.h */ = {isa = PBXFileReference; fileEncoding = 4; lastKnownFileType = sourcecode.c.h; path = NameInputController.h; sourceTree = "<group>"; };
		30AC581D1A11E6E60070D3E0 /* NameInputController.m */ = {isa = PBXFileReference; fileEncoding = 4; lastKnownFileType = sourcecode.c.objc; path = NameInputController.m; sourceTree = "<group>"; };
		30D0BF8C1A05C4E600F84857 /* MeController.h */ = {isa = PBXFileReference; fileEncoding = 4; lastKnownFileType = sourcecode.c.h; path = MeController.h; sourceTree = "<group>"; };
		3A0458B819F6F062007B44A0 /* UCRChat.app */ = {isa = PBXFileReference; explicitFileType = wrapper.application; includeInIndex = 0; path = UCRChat.app; sourceTree = BUILT_PRODUCTS_DIR; };
		3A0458BC19F6F062007B44A0 /* Info.plist */ = {isa = PBXFileReference; lastKnownFileType = text.plist.xml; path = Info.plist; sourceTree = "<group>"; };
		3A0458BD19F6F062007B44A0 /* main.m */ = {isa = PBXFileReference; lastKnownFileType = sourcecode.c.objc; path = main.m; sourceTree = "<group>"; };
		3A0458BF19F6F062007B44A0 /* AppDelegate.h */ = {isa = PBXFileReference; lastKnownFileType = sourcecode.c.h; path = AppDelegate.h; sourceTree = "<group>"; };
		3A0458C019F6F062007B44A0 /* AppDelegate.m */ = {isa = PBXFileReference; lastKnownFileType = sourcecode.c.objc; path = AppDelegate.m; sourceTree = "<group>"; };
		3A0458CB19F6F062007B44A0 /* Images.xcassets */ = {isa = PBXFileReference; lastKnownFileType = folder.assetcatalog; path = Images.xcassets; sourceTree = "<group>"; };
		3A0458CE19F6F062007B44A0 /* Base */ = {isa = PBXFileReference; lastKnownFileType = file.xib; name = Base; path = Base.lproj/LaunchScreen.xib; sourceTree = "<group>"; };
		3A0458D419F6F062007B44A0 /* UCRChatTests.xctest */ = {isa = PBXFileReference; explicitFileType = wrapper.cfbundle; includeInIndex = 0; path = UCRChatTests.xctest; sourceTree = BUILT_PRODUCTS_DIR; };
		3A0458D919F6F062007B44A0 /* Info.plist */ = {isa = PBXFileReference; lastKnownFileType = text.plist.xml; path = Info.plist; sourceTree = "<group>"; };
		3A0458DA19F6F062007B44A0 /* UCRChatTests.m */ = {isa = PBXFileReference; lastKnownFileType = sourcecode.c.objc; path = UCRChatTests.m; sourceTree = "<group>"; };
		3A68523B1A11DBF200211397 /* CFNetwork.framework */ = {isa = PBXFileReference; lastKnownFileType = wrapper.framework; name = CFNetwork.framework; path = System/Library/Frameworks/CFNetwork.framework; sourceTree = SDKROOT; };
		3A68523D1A11DBF700211397 /* Security.framework */ = {isa = PBXFileReference; lastKnownFileType = wrapper.framework; name = Security.framework; path = System/Library/Frameworks/Security.framework; sourceTree = SDKROOT; };
		3A68523F1A11DBFF00211397 /* SystemConfiguration.framework */ = {isa = PBXFileReference; lastKnownFileType = wrapper.framework; name = SystemConfiguration.framework; path = System/Library/Frameworks/SystemConfiguration.framework; sourceTree = SDKROOT; };
		3A6852411A11DC3100211397 /* Accounts.framework */ = {isa = PBXFileReference; lastKnownFileType = wrapper.framework; name = Accounts.framework; path = System/Library/Frameworks/Accounts.framework; sourceTree = SDKROOT; };
		3A6852431A11DC3600211397 /* AudioToolbox.framework */ = {isa = PBXFileReference; lastKnownFileType = wrapper.framework; name = AudioToolbox.framework; path = System/Library/Frameworks/AudioToolbox.framework; sourceTree = SDKROOT; };
		3A6852451A11DC4300211397 /* CoreGraphics.framework */ = {isa = PBXFileReference; lastKnownFileType = wrapper.framework; name = CoreGraphics.framework; path = System/Library/Frameworks/CoreGraphics.framework; sourceTree = SDKROOT; };
		3A6852471A11DC4900211397 /* CoreLocation.framework */ = {isa = PBXFileReference; lastKnownFileType = wrapper.framework; name = CoreLocation.framework; path = System/Library/Frameworks/CoreLocation.framework; sourceTree = SDKROOT; };
		3A6852491A11DC5000211397 /* libz.dylib */ = {isa = PBXFileReference; lastKnownFileType = "compiled.mach-o.dylib"; name = libz.dylib; path = usr/lib/libz.dylib; sourceTree = SDKROOT; };
		3A68524B1A11DC5700211397 /* MobileCoreServices.framework */ = {isa = PBXFileReference; lastKnownFileType = wrapper.framework; name = MobileCoreServices.framework; path = System/Library/Frameworks/MobileCoreServices.framework; sourceTree = SDKROOT; };
		3A68524D1A11DC5E00211397 /* QuartzCore.framework */ = {isa = PBXFileReference; lastKnownFileType = wrapper.framework; name = QuartzCore.framework; path = System/Library/Frameworks/QuartzCore.framework; sourceTree = SDKROOT; };
		3A68524F1A11DC6700211397 /* Social.framework */ = {isa = PBXFileReference; lastKnownFileType = wrapper.framework; name = Social.framework; path = System/Library/Frameworks/Social.framework; sourceTree = SDKROOT; };
		3A6852511A11DC6D00211397 /* StoreKit.framework */ = {isa = PBXFileReference; lastKnownFileType = wrapper.framework; name = StoreKit.framework; path = System/Library/Frameworks/StoreKit.framework; sourceTree = SDKROOT; };
		3A88FEAF19FDDF8D007A53DD /* ChatController.h */ = {isa = PBXFileReference; fileEncoding = 4; lastKnownFileType = sourcecode.c.h; path = ChatController.h; sourceTree = "<group>"; };
		3A88FEB019FDDF8D007A53DD /* ChatController.m */ = {isa = PBXFileReference; fileEncoding = 4; lastKnownFileType = sourcecode.c.objc; path = ChatController.m; sourceTree = "<group>"; };
		3A88FEB119FDDF8D007A53DD /* FriendsController.h */ = {isa = PBXFileReference; fileEncoding = 4; lastKnownFileType = sourcecode.c.h; path = FriendsController.h; sourceTree = "<group>"; };
		3A88FEB219FDDF8D007A53DD /* FriendsController.m */ = {isa = PBXFileReference; fileEncoding = 4; lastKnownFileType = sourcecode.c.objc; path = FriendsController.m; sourceTree = "<group>"; };
		3A8A06F31A0EE2D200FAE3A7 /* User.m */ = {isa = PBXFileReference; fileEncoding = 4; lastKnownFileType = sourcecode.c.objc; name = User.m; path = ../User.m; sourceTree = "<group>"; };
		3A8A06F51A0EE2DD00FAE3A7 /* User.h */ = {isa = PBXFileReference; lastKnownFileType = sourcecode.c.h; name = User.h; path = ../User.h; sourceTree = "<group>"; };
		3A8A06F71A0F586200FAE3A7 /* ChatAppTabBarController.h */ = {isa = PBXFileReference; fileEncoding = 4; lastKnownFileType = sourcecode.c.h; path = ChatAppTabBarController.h; sourceTree = "<group>"; };
		3A8A06F81A0F586200FAE3A7 /* ChatAppTabBarController.m */ = {isa = PBXFileReference; fileEncoding = 4; lastKnownFileType = sourcecode.c.objc; path = ChatAppTabBarController.m; sourceTree = "<group>"; };
		3A8A06FA1A102F0D00FAE3A7 /* MeController.m */ = {isa = PBXFileReference; fileEncoding = 4; lastKnownFileType = sourcecode.c.objc; path = MeController.m; sourceTree = "<group>"; };
		3A8A06FC1A10708100FAE3A7 /* UserFileController.h */ = {isa = PBXFileReference; fileEncoding = 4; lastKnownFileType = sourcecode.c.h; path = UserFileController.h; sourceTree = "<group>"; };
		3A8A06FD1A10708100FAE3A7 /* UserFileController.m */ = {isa = PBXFileReference; fileEncoding = 4; lastKnownFileType = sourcecode.c.objc; path = UserFileController.m; sourceTree = "<group>"; };
		3ACB40A319F8631B00E1303A /* TimelineController.h */ = {isa = PBXFileReference; fileEncoding = 4; lastKnownFileType = sourcecode.c.h; path = TimelineController.h; sourceTree = "<group>"; };
		3ACB40A419F8650200E1303A /* TimelineController.m */ = {isa = PBXFileReference; fileEncoding = 4; lastKnownFileType = sourcecode.c.objc; path = TimelineController.m; sourceTree = "<group>"; };
		8BC71A431A140F11009756FA /* MyFriends.h */ = {isa = PBXFileReference; fileEncoding = 4; lastKnownFileType = sourcecode.c.h; path = MyFriends.h; sourceTree = "<group>"; };
		8BC71A441A140F11009756FA /* MyFriends.m */ = {isa = PBXFileReference; fileEncoding = 4; lastKnownFileType = sourcecode.c.objc; path = MyFriends.m; sourceTree = "<group>"; };
		8BC71A451A140F11009756FA /* TableCell.h */ = {isa = PBXFileReference; fileEncoding = 4; lastKnownFileType = sourcecode.c.h; path = TableCell.h; sourceTree = "<group>"; };
		8BC71A471A140F22009756FA /* TableCell.m */ = {isa = PBXFileReference; fileEncoding = 4; lastKnownFileType = sourcecode.c.objc; path = TableCell.m; sourceTree = "<group>"; };
		8BC71A491A1412C2009756FA /* facebook-ios-sdk-3.20.pkg */ = {isa = PBXFileReference; lastKnownFileType = file; name = "facebook-ios-sdk-3.20.pkg"; path = "../../Downloads/facebook-ios-sdk-3.20.pkg"; sourceTree = "<group>"; };
		8BC71A4B1A1412EE009756FA /* Scringo.framework */ = {isa = PBXFileReference; lastKnownFileType = wrapper.framework; name = Scringo.framework; path = ../../Downloads/Scringo/Scringo.framework; sourceTree = "<group>"; };
/* End PBXFileReference section */

/* Begin PBXFrameworksBuildPhase section */
		3A0458B519F6F062007B44A0 /* Frameworks */ = {
			isa = PBXFrameworksBuildPhase;
			buildActionMask = 2147483647;
			files = (
				3A6852521A11DC6D00211397 /* StoreKit.framework in Frameworks */,
				3A6852501A11DC6700211397 /* Social.framework in Frameworks */,
				3A68524E1A11DC5E00211397 /* QuartzCore.framework in Frameworks */,
				3A68524C1A11DC5700211397 /* MobileCoreServices.framework in Frameworks */,
				3A68524A1A11DC5000211397 /* libz.dylib in Frameworks */,
				3A6852481A11DC4900211397 /* CoreLocation.framework in Frameworks */,
				3A6852461A11DC4300211397 /* CoreGraphics.framework in Frameworks */,
				309BA6B31A120D54005F2A46 /* Bolts.framework in Frameworks */,
				3A6852441A11DC3600211397 /* AudioToolbox.framework in Frameworks */,
				3A6852421A11DC3100211397 /* Accounts.framework in Frameworks */,
				309BA6B41A120D54005F2A46 /* Parse.framework in Frameworks */,
				3A6852401A11DBFF00211397 /* SystemConfiguration.framework in Frameworks */,
				3A68523E1A11DBF800211397 /* Security.framework in Frameworks */,
				3A68523C1A11DBF200211397 /* CFNetwork.framework in Frameworks */,
			);
			runOnlyForDeploymentPostprocessing = 0;
		};
		3A0458D119F6F062007B44A0 /* Frameworks */ = {
			isa = PBXFrameworksBuildPhase;
			buildActionMask = 2147483647;
			files = (
			);
			runOnlyForDeploymentPostprocessing = 0;
		};
/* End PBXFrameworksBuildPhase section */

/* Begin PBXGroup section */
		30ED6A5319FDDF8800894D07 /* Framework */ = {
			isa = PBXGroup;
			children = (
				309BA6B11A120D54005F2A46 /* Bolts.framework */,
				309BA6B21A120D54005F2A46 /* Parse.framework */,
				3A6852511A11DC6D00211397 /* StoreKit.framework */,
				3A68524F1A11DC6700211397 /* Social.framework */,
				3A68524D1A11DC5E00211397 /* QuartzCore.framework */,
				3A68524B1A11DC5700211397 /* MobileCoreServices.framework */,
				3A6852491A11DC5000211397 /* libz.dylib */,
				3A6852471A11DC4900211397 /* CoreLocation.framework */,
				3A6852451A11DC4300211397 /* CoreGraphics.framework */,
				3A6852431A11DC3600211397 /* AudioToolbox.framework */,
				3A6852411A11DC3100211397 /* Accounts.framework */,
				3A68523F1A11DBFF00211397 /* SystemConfiguration.framework */,
				3A68523D1A11DBF700211397 /* Security.framework */,
				3A68523B1A11DBF200211397 /* CFNetwork.framework */,
			);
			name = Framework;
			path = UCRChat;
			sourceTree = "<group>";
		};
		3A0458AF19F6F062007B44A0 = {
			isa = PBXGroup;
			children = (
				8BC71A4B1A1412EE009756FA /* Scringo.framework */,
				8BC71A491A1412C2009756FA /* facebook-ios-sdk-3.20.pkg */,
				3A0458BA19F6F062007B44A0 /* UCRChat */,
				3A0458D719F6F062007B44A0 /* UCRChatTests */,
				3A0458B919F6F062007B44A0 /* Products */,
				30ED6A5319FDDF8800894D07 /* Framework */,
			);
			sourceTree = "<group>";
		};
		3A0458B919F6F062007B44A0 /* Products */ = {
			isa = PBXGroup;
			children = (
				3A0458B819F6F062007B44A0 /* UCRChat.app */,
				3A0458D419F6F062007B44A0 /* UCRChatTests.xctest */,
			);
			name = Products;
			sourceTree = "<group>";
		};
		3A0458BA19F6F062007B44A0 /* UCRChat */ = {
			isa = PBXGroup;
			children = (
				3A8A06F71A0F586200FAE3A7 /* ChatAppTabBarController.h */,
				3A88FEAF19FDDF8D007A53DD /* ChatController.h */,
				3A88FEB119FDDF8D007A53DD /* FriendsController.h */,
				30D0BF8C1A05C4E600F84857 /* MeController.h */,
				8BC71A431A140F11009756FA /* MyFriends.h */,
				30AC581C1A11E6E60070D3E0 /* NameInputController.h */,
				8BC71A451A140F11009756FA /* TableCell.h */,
				3ACB40A319F8631B00E1303A /* TimelineController.h */,
				3A8A06FC1A10708100FAE3A7 /* UserFileController.h */,
				3A8A06F81A0F586200FAE3A7 /* ChatAppTabBarController.m */,
				3A88FEB019FDDF8D007A53DD /* ChatController.m */,
				3A88FEB219FDDF8D007A53DD /* FriendsController.m */,
				3A8A06FA1A102F0D00FAE3A7 /* MeController.m */,
				8BC71A441A140F11009756FA /* MyFriends.m */,
				30AC581D1A11E6E60070D3E0 /* NameInputController.m */,
				8BC71A471A140F22009756FA /* TableCell.m */,
				3ACB40A419F8650200E1303A /* TimelineController.m */,
				3A8A06FD1A10708100FAE3A7 /* UserFileController.m */,
				3A0458CB19F6F062007B44A0 /* Images.xcassets */,
				3A0458CD19F6F062007B44A0 /* LaunchScreen.xib */,
				3065DFD91A107EFE00D73E26 /* Main.storyboard */,
				3A8A06F61A0F421100FAE3A7 /* Model */,
				3A0458BB19F6F062007B44A0 /* Supporting Files */,
			);
			path = UCRChat;
			sourceTree = "<group>";
		};
		3A0458BB19F6F062007B44A0 /* Supporting Files */ = {
			isa = PBXGroup;
			children = (
				3A0458BF19F6F062007B44A0 /* AppDelegate.h */,
				3A0458C019F6F062007B44A0 /* AppDelegate.m */,
				3A0458BC19F6F062007B44A0 /* Info.plist */,
				3A0458BD19F6F062007B44A0 /* main.m */,
			);
			name = "Supporting Files";
			sourceTree = "<group>";
		};
		3A0458D719F6F062007B44A0 /* UCRChatTests */ = {
			isa = PBXGroup;
			children = (
				3A0458DA19F6F062007B44A0 /* UCRChatTests.m */,
				3A0458D819F6F062007B44A0 /* Supporting Files */,
			);
			path = UCRChatTests;
			sourceTree = "<group>";
		};
		3A0458D819F6F062007B44A0 /* Supporting Files */ = {
			isa = PBXGroup;
			children = (
				3A0458D919F6F062007B44A0 /* Info.plist */,
			);
			name = "Supporting Files";
			sourceTree = "<group>";
		};
		3A8A06F61A0F421100FAE3A7 /* Model */ = {
			isa = PBXGroup;
			children = (
				3A8A06F51A0EE2DD00FAE3A7 /* User.h */,
				3A8A06F31A0EE2D200FAE3A7 /* User.m */,
			);
			name = Model;
			sourceTree = "<group>";
		};
/* End PBXGroup section */

/* Begin PBXNativeTarget section */
		3A0458B719F6F062007B44A0 /* UCRChat */ = {
			isa = PBXNativeTarget;
			buildConfigurationList = 3A0458DE19F6F062007B44A0 /* Build configuration list for PBXNativeTarget "UCRChat" */;
			buildPhases = (
				3A0458B419F6F062007B44A0 /* Sources */,
				3A0458B519F6F062007B44A0 /* Frameworks */,
				3A0458B619F6F062007B44A0 /* Resources */,
				3AE4EDD61A0C20B000BAC960 /* ShellScript */,
			);
			buildRules = (
			);
			dependencies = (
			);
			name = UCRChat;
			productName = UCRChat;
			productReference = 3A0458B819F6F062007B44A0 /* UCRChat.app */;
			productType = "com.apple.product-type.application";
		};
		3A0458D319F6F062007B44A0 /* UCRChatTests */ = {
			isa = PBXNativeTarget;
			buildConfigurationList = 3A0458E119F6F062007B44A0 /* Build configuration list for PBXNativeTarget "UCRChatTests" */;
			buildPhases = (
				3A0458D019F6F062007B44A0 /* Sources */,
				3A0458D119F6F062007B44A0 /* Frameworks */,
				3A0458D219F6F062007B44A0 /* Resources */,
			);
			buildRules = (
			);
			dependencies = (
				3A0458D619F6F062007B44A0 /* PBXTargetDependency */,
			);
			name = UCRChatTests;
			productName = UCRChatTests;
			productReference = 3A0458D419F6F062007B44A0 /* UCRChatTests.xctest */;
			productType = "com.apple.product-type.bundle.unit-test";
		};
/* End PBXNativeTarget section */

/* Begin PBXProject section */
		3A0458B019F6F062007B44A0 /* Project object */ = {
			isa = PBXProject;
			attributes = {
				LastUpgradeCheck = 0600;
				ORGANIZATIONNAME = me.gustavob;
				TargetAttributes = {
					3A0458B719F6F062007B44A0 = {
						CreatedOnToolsVersion = 6.0.1;
						DevelopmentTeam = 6F8XFHJ992;
					};
					3A0458D319F6F062007B44A0 = {
						CreatedOnToolsVersion = 6.0.1;
						TestTargetID = 3A0458B719F6F062007B44A0;
					};
				};
			};
			buildConfigurationList = 3A0458B319F6F062007B44A0 /* Build configuration list for PBXProject "UCRChat" */;
			compatibilityVersion = "Xcode 3.2";
			developmentRegion = English;
			hasScannedForEncodings = 0;
			knownRegions = (
				en,
				Base,
			);
			mainGroup = 3A0458AF19F6F062007B44A0;
			productRefGroup = 3A0458B919F6F062007B44A0 /* Products */;
			projectDirPath = "";
			projectRoot = "";
			targets = (
				3A0458B719F6F062007B44A0 /* UCRChat */,
				3A0458D319F6F062007B44A0 /* UCRChatTests */,
			);
		};
/* End PBXProject section */

/* Begin PBXResourcesBuildPhase section */
		3A0458B619F6F062007B44A0 /* Resources */ = {
			isa = PBXResourcesBuildPhase;
			buildActionMask = 2147483647;
			files = (
				3A0458CF19F6F062007B44A0 /* LaunchScreen.xib in Resources */,
				3A0458CC19F6F062007B44A0 /* Images.xcassets in Resources */,
				3065DFDB1A107EFE00D73E26 /* Main.storyboard in Resources */,
			);
			runOnlyForDeploymentPostprocessing = 0;
		};
		3A0458D219F6F062007B44A0 /* Resources */ = {
			isa = PBXResourcesBuildPhase;
			buildActionMask = 2147483647;
			files = (
			);
			runOnlyForDeploymentPostprocessing = 0;
		};
/* End PBXResourcesBuildPhase section */

/* Begin PBXShellScriptBuildPhase section */
		3AE4EDD61A0C20B000BAC960 /* ShellScript */ = {
			isa = PBXShellScriptBuildPhase;
			buildActionMask = 2147483647;
			files = (
			);
			inputPaths = (
			);
			outputPaths = (
			);
			runOnlyForDeploymentPostprocessing = 0;
			shellPath = /bin/sh;
			shellScript = "";
		};
/* End PBXShellScriptBuildPhase section */

/* Begin PBXSourcesBuildPhase section */
		3A0458B419F6F062007B44A0 /* Sources */ = {
			isa = PBXSourcesBuildPhase;
			buildActionMask = 2147483647;
			files = (
				8BC71A481A140F22009756FA /* TableCell.m in Sources */,
				3ACB40A519F8650200E1303A /* TimelineController.m in Sources */,
				3A8A06F91A0F586200FAE3A7 /* ChatAppTabBarController.m in Sources */,
				3A8A06F41A0EE2D200FAE3A7 /* User.m in Sources */,
				3A0458C119F6F062007B44A0 /* AppDelegate.m in Sources */,
				3A0458BE19F6F062007B44A0 /* main.m in Sources */,
				3A88FEB319FDDF8D007A53DD /* ChatController.m in Sources */,
				8BC71A461A140F11009756FA /* MyFriends.m in Sources */,
				3A88FEB419FDDF8D007A53DD /* FriendsController.m in Sources */,
				3A8A06FE1A10708100FAE3A7 /* UserFileController.m in Sources */,
				30AC581E1A11E6E60070D3E0 /* NameInputController.m in Sources */,
				3A8A06FB1A102F0D00FAE3A7 /* MeController.m in Sources */,
			);
			runOnlyForDeploymentPostprocessing = 0;
		};
		3A0458D019F6F062007B44A0 /* Sources */ = {
			isa = PBXSourcesBuildPhase;
			buildActionMask = 2147483647;
			files = (
				3A0458DB19F6F062007B44A0 /* UCRChatTests.m in Sources */,
			);
			runOnlyForDeploymentPostprocessing = 0;
		};
/* End PBXSourcesBuildPhase section */

/* Begin PBXTargetDependency section */
		3A0458D619F6F062007B44A0 /* PBXTargetDependency */ = {
			isa = PBXTargetDependency;
			target = 3A0458B719F6F062007B44A0 /* UCRChat */;
			targetProxy = 3A0458D519F6F062007B44A0 /* PBXContainerItemProxy */;
		};
/* End PBXTargetDependency section */

/* Begin PBXVariantGroup section */
		3065DFD91A107EFE00D73E26 /* Main.storyboard */ = {
			isa = PBXVariantGroup;
			children = (
				3065DFDA1A107EFE00D73E26 /* Base */,
			);
			name = Main.storyboard;
			sourceTree = "<group>";
		};
		3A0458CD19F6F062007B44A0 /* LaunchScreen.xib */ = {
			isa = PBXVariantGroup;
			children = (
				3A0458CE19F6F062007B44A0 /* Base */,
			);
			name = LaunchScreen.xib;
			sourceTree = "<group>";
		};
/* End PBXVariantGroup section */

/* Begin XCBuildConfiguration section */
		3A0458DC19F6F062007B44A0 /* Debug */ = {
			isa = XCBuildConfiguration;
			buildSettings = {
				ALWAYS_SEARCH_USER_PATHS = NO;
				CLANG_CXX_LANGUAGE_STANDARD = "gnu++0x";
				CLANG_CXX_LIBRARY = "libc++";
				CLANG_ENABLE_MODULES = YES;
				CLANG_ENABLE_OBJC_ARC = YES;
				CLANG_WARN_BOOL_CONVERSION = YES;
				CLANG_WARN_CONSTANT_CONVERSION = YES;
				CLANG_WARN_DIRECT_OBJC_ISA_USAGE = YES_ERROR;
				CLANG_WARN_EMPTY_BODY = YES;
				CLANG_WARN_ENUM_CONVERSION = YES;
				CLANG_WARN_INT_CONVERSION = YES;
				CLANG_WARN_OBJC_ROOT_CLASS = YES_ERROR;
				CLANG_WARN_UNREACHABLE_CODE = YES;
				CLANG_WARN__DUPLICATE_METHOD_MATCH = YES;
				"CODE_SIGN_IDENTITY[sdk=iphoneos*]" = "iPhone Developer";
				COPY_PHASE_STRIP = NO;
				ENABLE_STRICT_OBJC_MSGSEND = YES;
				GCC_C_LANGUAGE_STANDARD = gnu99;
				GCC_DYNAMIC_NO_PIC = NO;
				GCC_OPTIMIZATION_LEVEL = 0;
				GCC_PREPROCESSOR_DEFINITIONS = (
					"DEBUG=1",
					"$(inherited)",
				);
				GCC_SYMBOLS_PRIVATE_EXTERN = NO;
				GCC_WARN_64_TO_32_BIT_CONVERSION = YES;
				GCC_WARN_ABOUT_RETURN_TYPE = YES_ERROR;
				GCC_WARN_UNDECLARED_SELECTOR = YES;
				GCC_WARN_UNINITIALIZED_AUTOS = YES_AGGRESSIVE;
				GCC_WARN_UNUSED_FUNCTION = YES;
				GCC_WARN_UNUSED_VARIABLE = YES;
				HEADER_SEARCH_PATHS = (
					"$(inherited)",
					/Applications/Xcode.app/Contents/Developer/Toolchains/XcodeDefault.xctoolchain/usr/include,
					/usr/include/libxml2,
				);
				IPHONEOS_DEPLOYMENT_TARGET = 8.0;
				MTL_ENABLE_DEBUG_INFO = YES;
				ONLY_ACTIVE_ARCH = YES;
				OTHER_LDFLAGS = "";
				SDKROOT = iphoneos;
			};
			name = Debug;
		};
		3A0458DD19F6F062007B44A0 /* Release */ = {
			isa = XCBuildConfiguration;
			buildSettings = {
				ALWAYS_SEARCH_USER_PATHS = NO;
				CLANG_CXX_LANGUAGE_STANDARD = "gnu++0x";
				CLANG_CXX_LIBRARY = "libc++";
				CLANG_ENABLE_MODULES = YES;
				CLANG_ENABLE_OBJC_ARC = YES;
				CLANG_WARN_BOOL_CONVERSION = YES;
				CLANG_WARN_CONSTANT_CONVERSION = YES;
				CLANG_WARN_DIRECT_OBJC_ISA_USAGE = YES_ERROR;
				CLANG_WARN_EMPTY_BODY = YES;
				CLANG_WARN_ENUM_CONVERSION = YES;
				CLANG_WARN_INT_CONVERSION = YES;
				CLANG_WARN_OBJC_ROOT_CLASS = YES_ERROR;
				CLANG_WARN_UNREACHABLE_CODE = YES;
				CLANG_WARN__DUPLICATE_METHOD_MATCH = YES;
				"CODE_SIGN_IDENTITY[sdk=iphoneos*]" = "iPhone Developer";
				COPY_PHASE_STRIP = YES;
				ENABLE_NS_ASSERTIONS = NO;
				ENABLE_STRICT_OBJC_MSGSEND = YES;
				GCC_C_LANGUAGE_STANDARD = gnu99;
				GCC_WARN_64_TO_32_BIT_CONVERSION = YES;
				GCC_WARN_ABOUT_RETURN_TYPE = YES_ERROR;
				GCC_WARN_UNDECLARED_SELECTOR = YES;
				GCC_WARN_UNINITIALIZED_AUTOS = YES_AGGRESSIVE;
				GCC_WARN_UNUSED_FUNCTION = YES;
				GCC_WARN_UNUSED_VARIABLE = YES;
				HEADER_SEARCH_PATHS = (
					"$(inherited)",
					/Applications/Xcode.app/Contents/Developer/Toolchains/XcodeDefault.xctoolchain/usr/include,
					/usr/include/libxml2,
				);
				IPHONEOS_DEPLOYMENT_TARGET = 8.0;
				MTL_ENABLE_DEBUG_INFO = NO;
				OTHER_LDFLAGS = "";
				SDKROOT = iphoneos;
				VALIDATE_PRODUCT = YES;
			};
			name = Release;
		};
		3A0458DF19F6F062007B44A0 /* Debug */ = {
			isa = XCBuildConfiguration;
			buildSettings = {
				ASSETCATALOG_COMPILER_APPICON_NAME = AppIcon;
				CLANG_ENABLE_OBJC_ARC = NO;
				CODE_SIGN_IDENTITY = "iPhone Developer";
				"CODE_SIGN_IDENTITY[sdk=iphoneos*]" = "iPhone Developer";
				FRAMEWORK_SEARCH_PATHS = (
					"$(inherited)",
					"$(PROJECT_DIR)/parse-library-1.4.2",
					"$(PROJECT_DIR)",
					"/Users/user26338/Downloads/quickblox-ios-sdk-master/Framework",
					/Users/user26338/Downloads,
					/Users/user26338/Documents/FacebookSDK,
					/Users/user26338/Downloads/Scringo,
				);
				INFOPLIST_FILE = UCRChat/Info.plist;
				IPHONEOS_DEPLOYMENT_TARGET = 8.0;
				LD_RUNPATH_SEARCH_PATHS = "$(inherited) @executable_path/Frameworks";
				OTHER_LDFLAGS = "";
				PRODUCT_NAME = "$(TARGET_NAME)";
				PROVISIONING_PROFILE = "";
				TARGETED_DEVICE_FAMILY = 1;
			};
			name = Debug;
		};
		3A0458E019F6F062007B44A0 /* Release */ = {
			isa = XCBuildConfiguration;
			buildSettings = {
				ASSETCATALOG_COMPILER_APPICON_NAME = AppIcon;
				CLANG_ENABLE_OBJC_ARC = NO;
				CODE_SIGN_IDENTITY = "iPhone Developer";
				"CODE_SIGN_IDENTITY[sdk=iphoneos*]" = "iPhone Developer";
				FRAMEWORK_SEARCH_PATHS = (
					"$(inherited)",
					"$(PROJECT_DIR)/parse-library-1.4.2",
					"$(PROJECT_DIR)",
					"/Users/user26338/Downloads/quickblox-ios-sdk-master/Framework",
					/Users/user26338/Downloads,
					/Users/user26338/Documents/FacebookSDK,
					/Users/user26338/Downloads/Scringo,
				);
				INFOPLIST_FILE = UCRChat/Info.plist;
				IPHONEOS_DEPLOYMENT_TARGET = 8.0;
				LD_RUNPATH_SEARCH_PATHS = "$(inherited) @executable_path/Frameworks";
				OTHER_LDFLAGS = "";
				PRODUCT_NAME = "$(TARGET_NAME)";
				PROVISIONING_PROFILE = "";
				TARGETED_DEVICE_FAMILY = 1;
			};
			name = Release;
		};
		3A0458E219F6F062007B44A0 /* Debug */ = {
			isa = XCBuildConfiguration;
			buildSettings = {
				BUNDLE_LOADER = "$(TEST_HOST)";
				FRAMEWORK_SEARCH_PATHS = (
					"$(SDKROOT)/Developer/Library/Frameworks",
					"$(inherited)",
				);
				GCC_PREPROCESSOR_DEFINITIONS = (
					"DEBUG=1",
					"$(inherited)",
				);
				INFOPLIST_FILE = UCRChatTests/Info.plist;
				LD_RUNPATH_SEARCH_PATHS = "$(inherited) @executable_path/Frameworks @loader_path/Frameworks";
				PRODUCT_NAME = "$(TARGET_NAME)";
				TEST_HOST = "$(BUILT_PRODUCTS_DIR)/UCRChat.app/UCRChat";
			};
			name = Debug;
		};
		3A0458E319F6F062007B44A0 /* Release */ = {
			isa = XCBuildConfiguration;
			buildSettings = {
				BUNDLE_LOADER = "$(TEST_HOST)";
				FRAMEWORK_SEARCH_PATHS = (
					"$(SDKROOT)/Developer/Library/Frameworks",
					"$(inherited)",
				);
				INFOPLIST_FILE = UCRChatTests/Info.plist;
				LD_RUNPATH_SEARCH_PATHS = "$(inherited) @executable_path/Frameworks @loader_path/Frameworks";
				PRODUCT_NAME = "$(TARGET_NAME)";
				TEST_HOST = "$(BUILT_PRODUCTS_DIR)/UCRChat.app/UCRChat";
			};
			name = Release;
		};
/* End XCBuildConfiguration section */

/* Begin XCConfigurationList section */
		3A0458B319F6F062007B44A0 /* Build configuration list for PBXProject "UCRChat" */ = {
			isa = XCConfigurationList;
			buildConfigurations = (
				3A0458DC19F6F062007B44A0 /* Debug */,
				3A0458DD19F6F062007B44A0 /* Release */,
			);
			defaultConfigurationIsVisible = 0;
			defaultConfigurationName = Release;
		};
		3A0458DE19F6F062007B44A0 /* Build configuration list for PBXNativeTarget "UCRChat" */ = {
			isa = XCConfigurationList;
			buildConfigurations = (
				3A0458DF19F6F062007B44A0 /* Debug */,
				3A0458E019F6F062007B44A0 /* Release */,
			);
			defaultConfigurationIsVisible = 0;
			defaultConfigurationName = Release;
		};
		3A0458E119F6F062007B44A0 /* Build configuration list for PBXNativeTarget "UCRChatTests" */ = {
			isa = XCConfigurationList;
			buildConfigurations = (
				3A0458E219F6F062007B44A0 /* Debug */,
				3A0458E319F6F062007B44A0 /* Release */,
			);
			defaultConfigurationIsVisible = 0;
			defaultConfigurationName = Release;
		};
/* End XCConfigurationList section */
	};
	rootObject = 3A0458B019F6F062007B44A0 /* Project object */;
}
